// !$*UTF8*$!
{
	archiveVersion = 1;
	classes = {
	};
	objectVersion = 46;
	objects = {

/* Begin PBXBuildFile section */
		1107C09C1C0C3B530041D8D7 /* cl_pdf.m in Sources */ = {isa = PBXBuildFile; fileRef = 1107C09B1C0C3B530041D8D7 /* cl_pdf.m */; };
		1108B1AE1BFC2691004B5D48 /* main.m in Sources */ = {isa = PBXBuildFile; fileRef = 1108B1AD1BFC2691004B5D48 /* main.m */; };
		1108B1B11BFC2691004B5D48 /* AppDelegate.m in Sources */ = {isa = PBXBuildFile; fileRef = 1108B1B01BFC2691004B5D48 /* AppDelegate.m */; };
		1108B1B71BFC2691004B5D48 /* Main.storyboard in Resources */ = {isa = PBXBuildFile; fileRef = 1108B1B51BFC2691004B5D48 /* Main.storyboard */; };
		1108B1BA1BFC2691004B5D48 /* Contract.xcdatamodeld in Sources */ = {isa = PBXBuildFile; fileRef = 1108B1B81BFC2691004B5D48 /* Contract.xcdatamodeld */; };
		1108B1BC1BFC2691004B5D48 /* Assets.xcassets in Resources */ = {isa = PBXBuildFile; fileRef = 1108B1BB1BFC2691004B5D48 /* Assets.xcassets */; };
		1108B1BF1BFC2691004B5D48 /* LaunchScreen.storyboard in Resources */ = {isa = PBXBuildFile; fileRef = 1108B1BD1BFC2691004B5D48 /* LaunchScreen.storyboard */; };
		1108B21B1BFC290F004B5D48 /* DrawSignView.m in Sources */ = {isa = PBXBuildFile; fileRef = 1108B2141BFC290F004B5D48 /* DrawSignView.m */; };
		1108B21C1BFC290F004B5D48 /* MyView.m in Sources */ = {isa = PBXBuildFile; fileRef = 1108B2161BFC290F004B5D48 /* MyView.m */; };
		1108B21D1BFC290F004B5D48 /* PopSignUtil.m in Sources */ = {isa = PBXBuildFile; fileRef = 1108B2181BFC290F004B5D48 /* PopSignUtil.m */; };
		1108B21E1BFC290F004B5D48 /* SignatureView.m in Sources */ = {isa = PBXBuildFile; fileRef = 1108B21A1BFC290F004B5D48 /* SignatureView.m */; };
		1108B2201BFC2A3B004B5D48 /* Foundation.framework in Frameworks */ = {isa = PBXBuildFile; fileRef = 1108B21F1BFC2A3B004B5D48 /* Foundation.framework */; };
		1108B2221BFC2A66004B5D48 /* CoreGraphics.framework in Frameworks */ = {isa = PBXBuildFile; fileRef = 1108B2211BFC2A66004B5D48 /* CoreGraphics.framework */; };
		1108B2241BFC2A6D004B5D48 /* UIKit.framework in Frameworks */ = {isa = PBXBuildFile; fileRef = 1108B2231BFC2A6D004B5D48 /* UIKit.framework */; };
		1108B25B1BFC4047004B5D48 /* PDFSerializer.m in Sources */ = {isa = PBXBuildFile; fileRef = 1108B2291BFC4047004B5D48 /* PDFSerializer.m */; };
		1108B25C1BFC4047004B5D48 /* PDFViewController.m in Sources */ = {isa = PBXBuildFile; fileRef = 1108B22B1BFC4047004B5D48 /* PDFViewController.m */; };
		1108B25D1BFC4047004B5D48 /* PDFArray.m in Sources */ = {isa = PBXBuildFile; fileRef = 1108B22F1BFC4047004B5D48 /* PDFArray.m */; };
		1108B25E1BFC4047004B5D48 /* PDFDictionary.m in Sources */ = {isa = PBXBuildFile; fileRef = 1108B2311BFC4047004B5D48 /* PDFDictionary.m */; };
		1108B25F1BFC4047004B5D48 /* PDFName.m in Sources */ = {isa = PBXBuildFile; fileRef = 1108B2331BFC4047004B5D48 /* PDFName.m */; };
		1108B2601BFC4047004B5D48 /* PDFNull.m in Sources */ = {isa = PBXBuildFile; fileRef = 1108B2351BFC4047004B5D48 /* PDFNull.m */; };
		1108B2611BFC4047004B5D48 /* PDFNumber.m in Sources */ = {isa = PBXBuildFile; fileRef = 1108B2371BFC4047004B5D48 /* PDFNumber.m */; };
		1108B2621BFC4047004B5D48 /* PDFStream.m in Sources */ = {isa = PBXBuildFile; fileRef = 1108B23A1BFC4047004B5D48 /* PDFStream.m */; };
		1108B2631BFC4047004B5D48 /* PDFString.m in Sources */ = {isa = PBXBuildFile; fileRef = 1108B23C1BFC4047004B5D48 /* PDFString.m */; };
		1108B2641BFC4047004B5D48 /* PDFDocument.m in Sources */ = {isa = PBXBuildFile; fileRef = 1108B23E1BFC4047004B5D48 /* PDFDocument.m */; };
		1108B2651BFC4047004B5D48 /* PDFForm.m in Sources */ = {isa = PBXBuildFile; fileRef = 1108B2401BFC4047004B5D48 /* PDFForm.m */; };
		1108B2661BFC4047004B5D48 /* PDFFormContainer.m in Sources */ = {isa = PBXBuildFile; fileRef = 1108B2421BFC4047004B5D48 /* PDFFormContainer.m */; };
		1108B2671BFC4047004B5D48 /* PDFPage.m in Sources */ = {isa = PBXBuildFile; fileRef = 1108B2441BFC4047004B5D48 /* PDFPage.m */; };
		1108B2681BFC4047004B5D48 /* PDFObjectParser.m in Sources */ = {isa = PBXBuildFile; fileRef = 1108B2481BFC4047004B5D48 /* PDFObjectParser.m */; };
		1108B2691BFC4047004B5D48 /* PDFUtility.m in Sources */ = {isa = PBXBuildFile; fileRef = 1108B24A1BFC4047004B5D48 /* PDFUtility.m */; };
		1108B26A1BFC4047004B5D48 /* PDFFormButtonField.m in Sources */ = {isa = PBXBuildFile; fileRef = 1108B24D1BFC4047004B5D48 /* PDFFormButtonField.m */; };
		1108B26B1BFC4047004B5D48 /* PDFFormChoiceField.m in Sources */ = {isa = PBXBuildFile; fileRef = 1108B24F1BFC4047004B5D48 /* PDFFormChoiceField.m */; };
		1108B26C1BFC4047004B5D48 /* PDFFormImageView.m in Sources */ = {isa = PBXBuildFile; fileRef = 1108B2511BFC4047004B5D48 /* PDFFormImageView.m */; };
		1108B26D1BFC4047004B5D48 /* PDFFormSignatureField.m in Sources */ = {isa = PBXBuildFile; fileRef = 1108B2531BFC4047004B5D48 /* PDFFormSignatureField.m */; };
		1108B26E1BFC4047004B5D48 /* PDFFormTextField.m in Sources */ = {isa = PBXBuildFile; fileRef = 1108B2551BFC4047004B5D48 /* PDFFormTextField.m */; };
		1108B26F1BFC4047004B5D48 /* PDFView.m in Sources */ = {isa = PBXBuildFile; fileRef = 1108B2571BFC4047004B5D48 /* PDFView.m */; };
		1108B2701BFC4047004B5D48 /* PDFWidgetAnnotationView.m in Sources */ = {isa = PBXBuildFile; fileRef = 1108B2591BFC4047004B5D48 /* PDFWidgetAnnotationView.m */; };
		1108B2751BFC55CF004B5D48 /* LoginViewController.swift in Sources */ = {isa = PBXBuildFile; fileRef = 1108B2741BFC55CF004B5D48 /* LoginViewController.swift */; };
		1108B2791BFC6133004B5D48 /* BaseViewController.swift in Sources */ = {isa = PBXBuildFile; fileRef = 1108B2781BFC6133004B5D48 /* BaseViewController.swift */; };
		110CE6A61C03F3370096E630 /* ContractSignatureError.swift in Sources */ = {isa = PBXBuildFile; fileRef = 110CE6A51C03F3370096E630 /* ContractSignatureError.swift */; };
		112118E31C056EC1000F85CE /* AddressListViewHeadView2.swift in Sources */ = {isa = PBXBuildFile; fileRef = 112118E21C056EC1000F85CE /* AddressListViewHeadView2.swift */; };
		113BF5591C0D3C1900175B22 /* CConstantsC.swift in Sources */ = {isa = PBXBuildFile; fileRef = 113BF5581C0D3C1900175B22 /* CConstantsC.swift */; };
		113BF5631C0D706500175B22 /* PDFSignViewController.swift in Sources */ = {isa = PBXBuildFile; fileRef = 113BF5621C0D706500175B22 /* PDFSignViewController.swift */; };
		113CB5961BFEC8D60081FDE7 /* ContractObject.swift in Sources */ = {isa = PBXBuildFile; fileRef = 113CB5951BFEC8D60081FDE7 /* ContractObject.swift */; };
		113CB5BA1BFEE27A0081FDE7 /* ContractsItem.swift in Sources */ = {isa = PBXBuildFile; fileRef = 113CB5B91BFEE27A0081FDE7 /* ContractsItem.swift */; };
		113CB5BC1BFEE2D80081FDE7 /* Contract.swift in Sources */ = {isa = PBXBuildFile; fileRef = 113CB5BB1BFEE2D80081FDE7 /* Contract.swift */; };
		113CB5D71BFEE4990081FDE7 /* Alamofire.framework in Frameworks */ = {isa = PBXBuildFile; fileRef = 113CB5C81BFEE43E0081FDE7 /* Alamofire.framework */; };
		113CB5D81BFEE4990081FDE7 /* Alamofire.framework in Embed Frameworks */ = {isa = PBXBuildFile; fileRef = 113CB5C81BFEE43E0081FDE7 /* Alamofire.framework */; settings = {ATTRIBUTES = (CodeSignOnCopy, RemoveHeadersOnCopy, ); }; };
		113CB5DE1BFEE5A80081FDE7 /* LoginUser.swift in Sources */ = {isa = PBXBuildFile; fileRef = 113CB5DD1BFEE5A80081FDE7 /* LoginUser.swift */; };
		113CB5E21BFF06E90081FDE7 /* AddressListViewCell.swift in Sources */ = {isa = PBXBuildFile; fileRef = 113CB5E11BFF06E90081FDE7 /* AddressListViewCell.swift */; };
		113CB5E41BFF0CBF0081FDE7 /* ContractRequestItem.swift in Sources */ = {isa = PBXBuildFile; fileRef = 113CB5E31BFF0CBF0081FDE7 /* ContractRequestItem.swift */; };
		113CB5E61BFF11EC0081FDE7 /* ContractSignature.swift in Sources */ = {isa = PBXBuildFile; fileRef = 113CB5E51BFF11EC0081FDE7 /* ContractSignature.swift */; };
		114733F11C103053000FC8D6 /* contract1pdf_3_100.txt in Resources */ = {isa = PBXBuildFile; fileRef = 114733E61C103053000FC8D6 /* contract1pdf_3_100.txt */; };
		114733F21C103053000FC8D6 /* contract1pdf_3_265.txt in Resources */ = {isa = PBXBuildFile; fileRef = 114733E71C103053000FC8D6 /* contract1pdf_3_265.txt */; };
		114733F31C103053000FC8D6 /* contract1pdf_3_306.txt in Resources */ = {isa = PBXBuildFile; fileRef = 114733E81C103053000FC8D6 /* contract1pdf_3_306.txt */; };
		114733F41C103053000FC8D6 /* contract1pdf_1_100.txt in Resources */ = {isa = PBXBuildFile; fileRef = 114733E91C103053000FC8D6 /* contract1pdf_1_100.txt */; };
		114733F51C103053000FC8D6 /* contract1pdf_2_306.txt in Resources */ = {isa = PBXBuildFile; fileRef = 114733EA1C103053000FC8D6 /* contract1pdf_2_306.txt */; };
		114733F61C103053000FC8D6 /* contract1pdf_2_265.txt in Resources */ = {isa = PBXBuildFile; fileRef = 114733EB1C103053000FC8D6 /* contract1pdf_2_265.txt */; };
		114733F71C103053000FC8D6 /* contract1pdf_2_100.txt in Resources */ = {isa = PBXBuildFile; fileRef = 114733EC1C103053000FC8D6 /* contract1pdf_2_100.txt */; };
		114733F81C103053000FC8D6 /* contract1pdf_1_9999.txt in Resources */ = {isa = PBXBuildFile; fileRef = 114733ED1C103053000FC8D6 /* contract1pdf_1_9999.txt */; };
		114733F91C103053000FC8D6 /* contract1pdf_1_306.txt in Resources */ = {isa = PBXBuildFile; fileRef = 114733EE1C103053000FC8D6 /* contract1pdf_1_306.txt */; };
		114733FA1C103053000FC8D6 /* contract1pdf_1_265.txt in Resources */ = {isa = PBXBuildFile; fileRef = 114733EF1C103053000FC8D6 /* contract1pdf_1_265.txt */; };
		114733FB1C103053000FC8D6 /* contract1pdf_1_101.txt in Resources */ = {isa = PBXBuildFile; fileRef = 114733F01C103053000FC8D6 /* contract1pdf_1_101.txt */; };
		11643C0E1C02EEEE000E2C0A /* AddressListViewHeadView.swift in Sources */ = {isa = PBXBuildFile; fileRef = 11643C0D1C02EEEE000E2C0A /* AddressListViewHeadView.swift */; };
		11643C161C030B8E000E2C0A /* CConstants.swift in Sources */ = {isa = PBXBuildFile; fileRef = 11643C151C030B8E000E2C0A /* CConstants.swift */; };
		1176D20F1BFDC67C001C1C3E /* AddressListViewController.swift in Sources */ = {isa = PBXBuildFile; fileRef = 1176D20E1BFDC67C001C1C3E /* AddressListViewController.swift */; };
		1188182E1C103E7200DAD592 /* BaseContract.pdf in Resources */ = {isa = PBXBuildFile; fileRef = 1188182D1C103E7200DAD592 /* BaseContract.pdf */; };
		11FA0B551BFD73E100F6605D /* Sanchez-Regular.ttf in Resources */ = {isa = PBXBuildFile; fileRef = 11FA0B541BFD73E100F6605D /* Sanchez-Regular.ttf */; };
		11FA0B5B1BFD79BC00F6605D /* Lato-Bold.ttf in Resources */ = {isa = PBXBuildFile; fileRef = 11FA0B591BFD797B00F6605D /* Lato-Bold.ttf */; };
		11FA0B5C1BFD79BC00F6605D /* Lato-Regular.ttf in Resources */ = {isa = PBXBuildFile; fileRef = 11FA0B5A1BFD797B00F6605D /* Lato-Regular.ttf */; };
/* End PBXBuildFile section */

/* Begin PBXContainerItemProxy section */
		113CB5C71BFEE43E0081FDE7 /* PBXContainerItemProxy */ = {
			isa = PBXContainerItemProxy;
			containerPortal = 113CB5BD1BFEE43D0081FDE7 /* Alamofire.xcodeproj */;
			proxyType = 2;
			remoteGlobalIDString = F8111E3319A95C8B0040E7D1;
			remoteInfo = "Alamofire iOS";
		};
		113CB5C91BFEE43E0081FDE7 /* PBXContainerItemProxy */ = {
			isa = PBXContainerItemProxy;
			containerPortal = 113CB5BD1BFEE43D0081FDE7 /* Alamofire.xcodeproj */;
			proxyType = 2;
			remoteGlobalIDString = F8111E3E19A95C8B0040E7D1;
			remoteInfo = "Alamofire iOS Tests";
		};
		113CB5CB1BFEE43E0081FDE7 /* PBXContainerItemProxy */ = {
			isa = PBXContainerItemProxy;
			containerPortal = 113CB5BD1BFEE43D0081FDE7 /* Alamofire.xcodeproj */;
			proxyType = 2;
			remoteGlobalIDString = 4DD67C0B1A5C55C900ED2280;
			remoteInfo = "Alamofire OSX";
		};
		113CB5CD1BFEE43E0081FDE7 /* PBXContainerItemProxy */ = {
			isa = PBXContainerItemProxy;
			containerPortal = 113CB5BD1BFEE43D0081FDE7 /* Alamofire.xcodeproj */;
			proxyType = 2;
			remoteGlobalIDString = F829C6B21A7A94F100A2CD59;
			remoteInfo = "Alamofire OSX Tests";
		};
		113CB5CF1BFEE43E0081FDE7 /* PBXContainerItemProxy */ = {
			isa = PBXContainerItemProxy;
			containerPortal = 113CB5BD1BFEE43D0081FDE7 /* Alamofire.xcodeproj */;
			proxyType = 2;
			remoteGlobalIDString = 4CF626EF1BA7CB3E0011A099;
			remoteInfo = "Alamofire tvOS";
		};
		113CB5D11BFEE43E0081FDE7 /* PBXContainerItemProxy */ = {
			isa = PBXContainerItemProxy;
			containerPortal = 113CB5BD1BFEE43D0081FDE7 /* Alamofire.xcodeproj */;
			proxyType = 2;
			remoteGlobalIDString = 4CF626F81BA7CB3E0011A099;
			remoteInfo = "Alamofire tvOS Tests";
		};
		113CB5D31BFEE43E0081FDE7 /* PBXContainerItemProxy */ = {
			isa = PBXContainerItemProxy;
			containerPortal = 113CB5BD1BFEE43D0081FDE7 /* Alamofire.xcodeproj */;
			proxyType = 2;
			remoteGlobalIDString = E4202FE01B667AA100C997FB;
			remoteInfo = "Alamofire watchOS";
		};
		113CB5D51BFEE4690081FDE7 /* PBXContainerItemProxy */ = {
			isa = PBXContainerItemProxy;
			containerPortal = 113CB5BD1BFEE43D0081FDE7 /* Alamofire.xcodeproj */;
			proxyType = 1;
			remoteGlobalIDString = F8111E3219A95C8B0040E7D1;
			remoteInfo = "Alamofire iOS";
		};
		113CB5D91BFEE4990081FDE7 /* PBXContainerItemProxy */ = {
			isa = PBXContainerItemProxy;
			containerPortal = 113CB5BD1BFEE43D0081FDE7 /* Alamofire.xcodeproj */;
			proxyType = 1;
			remoteGlobalIDString = F8111E3219A95C8B0040E7D1;
			remoteInfo = "Alamofire iOS";
		};
/* End PBXContainerItemProxy section */

/* Begin PBXCopyFilesBuildPhase section */
		113CB5DB1BFEE4990081FDE7 /* Embed Frameworks */ = {
			isa = PBXCopyFilesBuildPhase;
			buildActionMask = 2147483647;
			dstPath = "";
			dstSubfolderSpec = 10;
			files = (
				113CB5D81BFEE4990081FDE7 /* Alamofire.framework in Embed Frameworks */,
			);
			name = "Embed Frameworks";
			runOnlyForDeploymentPostprocessing = 0;
		};
/* End PBXCopyFilesBuildPhase section */

/* Begin PBXFileReference section */
		1107C09A1C0C3B530041D8D7 /* cl_pdf.h */ = {isa = PBXFileReference; fileEncoding = 4; lastKnownFileType = sourcecode.c.h; path = cl_pdf.h; sourceTree = "<group>"; };
		1107C09B1C0C3B530041D8D7 /* cl_pdf.m */ = {isa = PBXFileReference; fileEncoding = 4; lastKnownFileType = sourcecode.c.objc; path = cl_pdf.m; sourceTree = "<group>"; };
		1108B1A91BFC2690004B5D48 /* Contract.app */ = {isa = PBXFileReference; explicitFileType = wrapper.application; includeInIndex = 0; path = Contract.app; sourceTree = BUILT_PRODUCTS_DIR; };
		1108B1AD1BFC2691004B5D48 /* main.m */ = {isa = PBXFileReference; lastKnownFileType = sourcecode.c.objc; path = main.m; sourceTree = "<group>"; };
		1108B1AF1BFC2691004B5D48 /* AppDelegate.h */ = {isa = PBXFileReference; lastKnownFileType = sourcecode.c.h; path = AppDelegate.h; sourceTree = "<group>"; };
		1108B1B01BFC2691004B5D48 /* AppDelegate.m */ = {isa = PBXFileReference; lastKnownFileType = sourcecode.c.objc; path = AppDelegate.m; sourceTree = "<group>"; };
		1108B1B61BFC2691004B5D48 /* Base */ = {isa = PBXFileReference; lastKnownFileType = file.storyboard; name = Base; path = Base.lproj/Main.storyboard; sourceTree = "<group>"; };
		1108B1B91BFC2691004B5D48 /* Contract.xcdatamodel */ = {isa = PBXFileReference; lastKnownFileType = wrapper.xcdatamodel; path = Contract.xcdatamodel; sourceTree = "<group>"; };
		1108B1BB1BFC2691004B5D48 /* Assets.xcassets */ = {isa = PBXFileReference; lastKnownFileType = folder.assetcatalog; path = Assets.xcassets; sourceTree = "<group>"; };
		1108B1BE1BFC2691004B5D48 /* Base */ = {isa = PBXFileReference; lastKnownFileType = file.storyboard; name = Base; path = Base.lproj/LaunchScreen.storyboard; sourceTree = "<group>"; };
		1108B1C01BFC2691004B5D48 /* Info.plist */ = {isa = PBXFileReference; lastKnownFileType = text.plist.xml; path = Info.plist; sourceTree = "<group>"; };
		1108B2131BFC290F004B5D48 /* DrawSignView.h */ = {isa = PBXFileReference; fileEncoding = 4; lastKnownFileType = sourcecode.c.h; path = DrawSignView.h; sourceTree = "<group>"; };
		1108B2141BFC290F004B5D48 /* DrawSignView.m */ = {isa = PBXFileReference; fileEncoding = 4; lastKnownFileType = sourcecode.c.objc; path = DrawSignView.m; sourceTree = "<group>"; };
		1108B2151BFC290F004B5D48 /* MyView.h */ = {isa = PBXFileReference; fileEncoding = 4; lastKnownFileType = sourcecode.c.h; path = MyView.h; sourceTree = "<group>"; };
		1108B2161BFC290F004B5D48 /* MyView.m */ = {isa = PBXFileReference; fileEncoding = 4; lastKnownFileType = sourcecode.c.objc; path = MyView.m; sourceTree = "<group>"; };
		1108B2171BFC290F004B5D48 /* PopSignUtil.h */ = {isa = PBXFileReference; fileEncoding = 4; lastKnownFileType = sourcecode.c.h; path = PopSignUtil.h; sourceTree = "<group>"; };
		1108B2181BFC290F004B5D48 /* PopSignUtil.m */ = {isa = PBXFileReference; fileEncoding = 4; lastKnownFileType = sourcecode.c.objc; path = PopSignUtil.m; sourceTree = "<group>"; };
		1108B2191BFC290F004B5D48 /* SignatureView.h */ = {isa = PBXFileReference; fileEncoding = 4; lastKnownFileType = sourcecode.c.h; path = SignatureView.h; sourceTree = "<group>"; };
		1108B21A1BFC290F004B5D48 /* SignatureView.m */ = {isa = PBXFileReference; fileEncoding = 4; lastKnownFileType = sourcecode.c.objc; path = SignatureView.m; sourceTree = "<group>"; };
		1108B21F1BFC2A3B004B5D48 /* Foundation.framework */ = {isa = PBXFileReference; lastKnownFileType = wrapper.framework; name = Foundation.framework; path = System/Library/Frameworks/Foundation.framework; sourceTree = SDKROOT; };
		1108B2211BFC2A66004B5D48 /* CoreGraphics.framework */ = {isa = PBXFileReference; lastKnownFileType = wrapper.framework; name = CoreGraphics.framework; path = System/Library/Frameworks/CoreGraphics.framework; sourceTree = SDKROOT; };
		1108B2231BFC2A6D004B5D48 /* UIKit.framework */ = {isa = PBXFileReference; lastKnownFileType = wrapper.framework; name = UIKit.framework; path = System/Library/Frameworks/UIKit.framework; sourceTree = SDKROOT; };
		1108B2251BFC2B0B004B5D48 /* ILPDFKitSample-Prefix.pch */ = {isa = PBXFileReference; lastKnownFileType = sourcecode.c.h; path = "ILPDFKitSample-Prefix.pch"; sourceTree = "<group>"; };
		1108B2281BFC4047004B5D48 /* PDFSerializer.h */ = {isa = PBXFileReference; fileEncoding = 4; lastKnownFileType = sourcecode.c.h; path = PDFSerializer.h; sourceTree = "<group>"; };
		1108B2291BFC4047004B5D48 /* PDFSerializer.m */ = {isa = PBXFileReference; fileEncoding = 4; lastKnownFileType = sourcecode.c.objc; path = PDFSerializer.m; sourceTree = "<group>"; };
		1108B22A1BFC4047004B5D48 /* PDFViewController.h */ = {isa = PBXFileReference; fileEncoding = 4; lastKnownFileType = sourcecode.c.h; path = PDFViewController.h; sourceTree = "<group>"; };
		1108B22B1BFC4047004B5D48 /* PDFViewController.m */ = {isa = PBXFileReference; fileEncoding = 4; lastKnownFileType = sourcecode.c.objc; path = PDFViewController.m; sourceTree = "<group>"; };
		1108B22E1BFC4047004B5D48 /* PDFArray.h */ = {isa = PBXFileReference; fileEncoding = 4; lastKnownFileType = sourcecode.c.h; path = PDFArray.h; sourceTree = "<group>"; };
		1108B22F1BFC4047004B5D48 /* PDFArray.m */ = {isa = PBXFileReference; fileEncoding = 4; lastKnownFileType = sourcecode.c.objc; path = PDFArray.m; sourceTree = "<group>"; };
		1108B2301BFC4047004B5D48 /* PDFDictionary.h */ = {isa = PBXFileReference; fileEncoding = 4; lastKnownFileType = sourcecode.c.h; path = PDFDictionary.h; sourceTree = "<group>"; };
		1108B2311BFC4047004B5D48 /* PDFDictionary.m */ = {isa = PBXFileReference; fileEncoding = 4; lastKnownFileType = sourcecode.c.objc; path = PDFDictionary.m; sourceTree = "<group>"; };
		1108B2321BFC4047004B5D48 /* PDFName.h */ = {isa = PBXFileReference; fileEncoding = 4; lastKnownFileType = sourcecode.c.h; path = PDFName.h; sourceTree = "<group>"; };
		1108B2331BFC4047004B5D48 /* PDFName.m */ = {isa = PBXFileReference; fileEncoding = 4; lastKnownFileType = sourcecode.c.objc; path = PDFName.m; sourceTree = "<group>"; };
		1108B2341BFC4047004B5D48 /* PDFNull.h */ = {isa = PBXFileReference; fileEncoding = 4; lastKnownFileType = sourcecode.c.h; path = PDFNull.h; sourceTree = "<group>"; };
		1108B2351BFC4047004B5D48 /* PDFNull.m */ = {isa = PBXFileReference; fileEncoding = 4; lastKnownFileType = sourcecode.c.objc; path = PDFNull.m; sourceTree = "<group>"; };
		1108B2361BFC4047004B5D48 /* PDFNumber.h */ = {isa = PBXFileReference; fileEncoding = 4; lastKnownFileType = sourcecode.c.h; path = PDFNumber.h; sourceTree = "<group>"; };
		1108B2371BFC4047004B5D48 /* PDFNumber.m */ = {isa = PBXFileReference; fileEncoding = 4; lastKnownFileType = sourcecode.c.objc; path = PDFNumber.m; sourceTree = "<group>"; };
		1108B2381BFC4047004B5D48 /* PDFObject.h */ = {isa = PBXFileReference; fileEncoding = 4; lastKnownFileType = sourcecode.c.h; path = PDFObject.h; sourceTree = "<group>"; };
		1108B2391BFC4047004B5D48 /* PDFStream.h */ = {isa = PBXFileReference; fileEncoding = 4; lastKnownFileType = sourcecode.c.h; path = PDFStream.h; sourceTree = "<group>"; };
		1108B23A1BFC4047004B5D48 /* PDFStream.m */ = {isa = PBXFileReference; fileEncoding = 4; lastKnownFileType = sourcecode.c.objc; path = PDFStream.m; sourceTree = "<group>"; };
		1108B23B1BFC4047004B5D48 /* PDFString.h */ = {isa = PBXFileReference; fileEncoding = 4; lastKnownFileType = sourcecode.c.h; path = PDFString.h; sourceTree = "<group>"; };
		1108B23C1BFC4047004B5D48 /* PDFString.m */ = {isa = PBXFileReference; fileEncoding = 4; lastKnownFileType = sourcecode.c.objc; path = PDFString.m; sourceTree = "<group>"; };
		1108B23D1BFC4047004B5D48 /* PDFDocument.h */ = {isa = PBXFileReference; fileEncoding = 4; lastKnownFileType = sourcecode.c.h; path = PDFDocument.h; sourceTree = "<group>"; };
		1108B23E1BFC4047004B5D48 /* PDFDocument.m */ = {isa = PBXFileReference; fileEncoding = 4; lastKnownFileType = sourcecode.c.objc; path = PDFDocument.m; sourceTree = "<group>"; };
		1108B23F1BFC4047004B5D48 /* PDFForm.h */ = {isa = PBXFileReference; fileEncoding = 4; lastKnownFileType = sourcecode.c.h; path = PDFForm.h; sourceTree = "<group>"; };
		1108B2401BFC4047004B5D48 /* PDFForm.m */ = {isa = PBXFileReference; fileEncoding = 4; lastKnownFileType = sourcecode.c.objc; path = PDFForm.m; sourceTree = "<group>"; };
		1108B2411BFC4047004B5D48 /* PDFFormContainer.h */ = {isa = PBXFileReference; fileEncoding = 4; lastKnownFileType = sourcecode.c.h; path = PDFFormContainer.h; sourceTree = "<group>"; };
		1108B2421BFC4047004B5D48 /* PDFFormContainer.m */ = {isa = PBXFileReference; fileEncoding = 4; lastKnownFileType = sourcecode.c.objc; path = PDFFormContainer.m; sourceTree = "<group>"; };
		1108B2431BFC4047004B5D48 /* PDFPage.h */ = {isa = PBXFileReference; fileEncoding = 4; lastKnownFileType = sourcecode.c.h; path = PDFPage.h; sourceTree = "<group>"; };
		1108B2441BFC4047004B5D48 /* PDFPage.m */ = {isa = PBXFileReference; fileEncoding = 4; lastKnownFileType = sourcecode.c.objc; path = PDFPage.m; sourceTree = "<group>"; };
		1108B2451BFC4047004B5D48 /* PDF.h */ = {isa = PBXFileReference; fileEncoding = 4; lastKnownFileType = sourcecode.c.h; path = PDF.h; sourceTree = "<group>"; };
		1108B2471BFC4047004B5D48 /* PDFObjectParser.h */ = {isa = PBXFileReference; fileEncoding = 4; lastKnownFileType = sourcecode.c.h; path = PDFObjectParser.h; sourceTree = "<group>"; };
		1108B2481BFC4047004B5D48 /* PDFObjectParser.m */ = {isa = PBXFileReference; fileEncoding = 4; lastKnownFileType = sourcecode.c.objc; path = PDFObjectParser.m; sourceTree = "<group>"; };
		1108B2491BFC4047004B5D48 /* PDFUtility.h */ = {isa = PBXFileReference; fileEncoding = 4; lastKnownFileType = sourcecode.c.h; path = PDFUtility.h; sourceTree = "<group>"; };
		1108B24A1BFC4047004B5D48 /* PDFUtility.m */ = {isa = PBXFileReference; fileEncoding = 4; lastKnownFileType = sourcecode.c.objc; path = PDFUtility.m; sourceTree = "<group>"; };
		1108B24C1BFC4047004B5D48 /* PDFFormButtonField.h */ = {isa = PBXFileReference; fileEncoding = 4; lastKnownFileType = sourcecode.c.h; path = PDFFormButtonField.h; sourceTree = "<group>"; };
		1108B24D1BFC4047004B5D48 /* PDFFormButtonField.m */ = {isa = PBXFileReference; fileEncoding = 4; lastKnownFileType = sourcecode.c.objc; path = PDFFormButtonField.m; sourceTree = "<group>"; };
		1108B24E1BFC4047004B5D48 /* PDFFormChoiceField.h */ = {isa = PBXFileReference; fileEncoding = 4; lastKnownFileType = sourcecode.c.h; path = PDFFormChoiceField.h; sourceTree = "<group>"; };
		1108B24F1BFC4047004B5D48 /* PDFFormChoiceField.m */ = {isa = PBXFileReference; fileEncoding = 4; lastKnownFileType = sourcecode.c.objc; path = PDFFormChoiceField.m; sourceTree = "<group>"; };
		1108B2501BFC4047004B5D48 /* PDFFormImageView.h */ = {isa = PBXFileReference; fileEncoding = 4; lastKnownFileType = sourcecode.c.h; path = PDFFormImageView.h; sourceTree = "<group>"; };
		1108B2511BFC4047004B5D48 /* PDFFormImageView.m */ = {isa = PBXFileReference; fileEncoding = 4; lastKnownFileType = sourcecode.c.objc; path = PDFFormImageView.m; sourceTree = "<group>"; };
		1108B2521BFC4047004B5D48 /* PDFFormSignatureField.h */ = {isa = PBXFileReference; fileEncoding = 4; lastKnownFileType = sourcecode.c.h; path = PDFFormSignatureField.h; sourceTree = "<group>"; };
		1108B2531BFC4047004B5D48 /* PDFFormSignatureField.m */ = {isa = PBXFileReference; fileEncoding = 4; lastKnownFileType = sourcecode.c.objc; path = PDFFormSignatureField.m; sourceTree = "<group>"; };
		1108B2541BFC4047004B5D48 /* PDFFormTextField.h */ = {isa = PBXFileReference; fileEncoding = 4; lastKnownFileType = sourcecode.c.h; path = PDFFormTextField.h; sourceTree = "<group>"; };
		1108B2551BFC4047004B5D48 /* PDFFormTextField.m */ = {isa = PBXFileReference; fileEncoding = 4; lastKnownFileType = sourcecode.c.objc; path = PDFFormTextField.m; sourceTree = "<group>"; };
		1108B2561BFC4047004B5D48 /* PDFView.h */ = {isa = PBXFileReference; fileEncoding = 4; lastKnownFileType = sourcecode.c.h; path = PDFView.h; sourceTree = "<group>"; };
		1108B2571BFC4047004B5D48 /* PDFView.m */ = {isa = PBXFileReference; fileEncoding = 4; lastKnownFileType = sourcecode.c.objc; path = PDFView.m; sourceTree = "<group>"; };
		1108B2581BFC4047004B5D48 /* PDFWidgetAnnotationView.h */ = {isa = PBXFileReference; fileEncoding = 4; lastKnownFileType = sourcecode.c.h; path = PDFWidgetAnnotationView.h; sourceTree = "<group>"; };
		1108B2591BFC4047004B5D48 /* PDFWidgetAnnotationView.m */ = {isa = PBXFileReference; fileEncoding = 4; lastKnownFileType = sourcecode.c.objc; path = PDFWidgetAnnotationView.m; sourceTree = "<group>"; };
		1108B2731BFC55CF004B5D48 /* Contract-Bridging-Header.h */ = {isa = PBXFileReference; lastKnownFileType = sourcecode.c.h; path = "Contract-Bridging-Header.h"; sourceTree = "<group>"; };
		1108B2741BFC55CF004B5D48 /* LoginViewController.swift */ = {isa = PBXFileReference; fileEncoding = 4; lastKnownFileType = sourcecode.swift; path = LoginViewController.swift; sourceTree = "<group>"; };
		1108B2781BFC6133004B5D48 /* BaseViewController.swift */ = {isa = PBXFileReference; fileEncoding = 4; lastKnownFileType = sourcecode.swift; path = BaseViewController.swift; sourceTree = "<group>"; };
		110CE6A51C03F3370096E630 /* ContractSignatureError.swift */ = {isa = PBXFileReference; fileEncoding = 4; lastKnownFileType = sourcecode.swift; path = ContractSignatureError.swift; sourceTree = "<group>"; };
		112118E21C056EC1000F85CE /* AddressListViewHeadView2.swift */ = {isa = PBXFileReference; fileEncoding = 4; lastKnownFileType = sourcecode.swift; path = AddressListViewHeadView2.swift; sourceTree = "<group>"; };
		113BF5581C0D3C1900175B22 /* CConstantsC.swift */ = {isa = PBXFileReference; fileEncoding = 4; lastKnownFileType = sourcecode.swift; path = CConstantsC.swift; sourceTree = "<group>"; };
		113BF5621C0D706500175B22 /* PDFSignViewController.swift */ = {isa = PBXFileReference; fileEncoding = 4; lastKnownFileType = sourcecode.swift; path = PDFSignViewController.swift; sourceTree = "<group>"; };
		113CB5951BFEC8D60081FDE7 /* ContractObject.swift */ = {isa = PBXFileReference; fileEncoding = 4; lastKnownFileType = sourcecode.swift; path = ContractObject.swift; sourceTree = "<group>"; };
		113CB5B91BFEE27A0081FDE7 /* ContractsItem.swift */ = {isa = PBXFileReference; fileEncoding = 4; lastKnownFileType = sourcecode.swift; path = ContractsItem.swift; sourceTree = "<group>"; };
		113CB5BB1BFEE2D80081FDE7 /* Contract.swift */ = {isa = PBXFileReference; fileEncoding = 4; lastKnownFileType = sourcecode.swift; path = Contract.swift; sourceTree = "<group>"; };
		113CB5BD1BFEE43D0081FDE7 /* Alamofire.xcodeproj */ = {isa = PBXFileReference; lastKnownFileType = "wrapper.pb-project"; name = Alamofire.xcodeproj; path = "../../../Downloads/Alamofire-master 2/Alamofire.xcodeproj"; sourceTree = "<group>"; };
		113CB5DD1BFEE5A80081FDE7 /* LoginUser.swift */ = {isa = PBXFileReference; fileEncoding = 4; lastKnownFileType = sourcecode.swift; path = LoginUser.swift; sourceTree = "<group>"; };
		113CB5E11BFF06E90081FDE7 /* AddressListViewCell.swift */ = {isa = PBXFileReference; fileEncoding = 4; lastKnownFileType = sourcecode.swift; path = AddressListViewCell.swift; sourceTree = "<group>"; };
		113CB5E31BFF0CBF0081FDE7 /* ContractRequestItem.swift */ = {isa = PBXFileReference; fileEncoding = 4; lastKnownFileType = sourcecode.swift; path = ContractRequestItem.swift; sourceTree = "<group>"; };
		113CB5E51BFF11EC0081FDE7 /* ContractSignature.swift */ = {isa = PBXFileReference; fileEncoding = 4; lastKnownFileType = sourcecode.swift; path = ContractSignature.swift; sourceTree = "<group>"; };
		114733E61C103053000FC8D6 /* contract1pdf_3_100.txt */ = {isa = PBXFileReference; fileEncoding = 4; lastKnownFileType = text; path = contract1pdf_3_100.txt; sourceTree = "<group>"; };
		114733E71C103053000FC8D6 /* contract1pdf_3_265.txt */ = {isa = PBXFileReference; fileEncoding = 4; lastKnownFileType = text; path = contract1pdf_3_265.txt; sourceTree = "<group>"; };
		114733E81C103053000FC8D6 /* contract1pdf_3_306.txt */ = {isa = PBXFileReference; fileEncoding = 4; lastKnownFileType = text; path = contract1pdf_3_306.txt; sourceTree = "<group>"; };
		114733E91C103053000FC8D6 /* contract1pdf_1_100.txt */ = {isa = PBXFileReference; fileEncoding = 4; lastKnownFileType = text; path = contract1pdf_1_100.txt; sourceTree = "<group>"; };
		114733EA1C103053000FC8D6 /* contract1pdf_2_306.txt */ = {isa = PBXFileReference; fileEncoding = 4; lastKnownFileType = text; path = contract1pdf_2_306.txt; sourceTree = "<group>"; };
		114733EB1C103053000FC8D6 /* contract1pdf_2_265.txt */ = {isa = PBXFileReference; fileEncoding = 4; lastKnownFileType = text; path = contract1pdf_2_265.txt; sourceTree = "<group>"; };
		114733EC1C103053000FC8D6 /* contract1pdf_2_100.txt */ = {isa = PBXFileReference; fileEncoding = 4; lastKnownFileType = text; path = contract1pdf_2_100.txt; sourceTree = "<group>"; };
		114733ED1C103053000FC8D6 /* contract1pdf_1_9999.txt */ = {isa = PBXFileReference; fileEncoding = 4; lastKnownFileType = text; path = contract1pdf_1_9999.txt; sourceTree = "<group>"; };
		114733EE1C103053000FC8D6 /* contract1pdf_1_306.txt */ = {isa = PBXFileReference; fileEncoding = 4; lastKnownFileType = text; path = contract1pdf_1_306.txt; sourceTree = "<group>"; };
		114733EF1C103053000FC8D6 /* contract1pdf_1_265.txt */ = {isa = PBXFileReference; fileEncoding = 4; lastKnownFileType = text; path = contract1pdf_1_265.txt; sourceTree = "<group>"; };
		114733F01C103053000FC8D6 /* contract1pdf_1_101.txt */ = {isa = PBXFileReference; fileEncoding = 4; lastKnownFileType = text; path = contract1pdf_1_101.txt; sourceTree = "<group>"; };
		11643C0D1C02EEEE000E2C0A /* AddressListViewHeadView.swift */ = {isa = PBXFileReference; fileEncoding = 4; lastKnownFileType = sourcecode.swift; path = AddressListViewHeadView.swift; sourceTree = "<group>"; };
		11643C151C030B8E000E2C0A /* CConstants.swift */ = {isa = PBXFileReference; fileEncoding = 4; lastKnownFileType = sourcecode.swift; path = CConstants.swift; sourceTree = "<group>"; };
		1176D20E1BFDC67C001C1C3E /* AddressListViewController.swift */ = {isa = PBXFileReference; fileEncoding = 4; lastKnownFileType = sourcecode.swift; path = AddressListViewController.swift; sourceTree = "<group>"; };
		1188182D1C103E7200DAD592 /* BaseContract.pdf */ = {isa = PBXFileReference; lastKnownFileType = image.pdf; path = BaseContract.pdf; sourceTree = "<group>"; };
		11FA0B541BFD73E100F6605D /* Sanchez-Regular.ttf */ = {isa = PBXFileReference; lastKnownFileType = file; path = "Sanchez-Regular.ttf"; sourceTree = "<group>"; };
		11FA0B591BFD797B00F6605D /* Lato-Bold.ttf */ = {isa = PBXFileReference; lastKnownFileType = file; path = "Lato-Bold.ttf"; sourceTree = "<group>"; };
		11FA0B5A1BFD797B00F6605D /* Lato-Regular.ttf */ = {isa = PBXFileReference; lastKnownFileType = file; path = "Lato-Regular.ttf"; sourceTree = "<group>"; };
/* End PBXFileReference section */

/* Begin PBXFrameworksBuildPhase section */
		1108B1A61BFC2690004B5D48 /* Frameworks */ = {
			isa = PBXFrameworksBuildPhase;
			buildActionMask = 2147483647;
			files = (
				1108B2241BFC2A6D004B5D48 /* UIKit.framework in Frameworks */,
				1108B2221BFC2A66004B5D48 /* CoreGraphics.framework in Frameworks */,
				1108B2201BFC2A3B004B5D48 /* Foundation.framework in Frameworks */,
				113CB5D71BFEE4990081FDE7 /* Alamofire.framework in Frameworks */,
			);
			runOnlyForDeploymentPostprocessing = 0;
		};
/* End PBXFrameworksBuildPhase section */

/* Begin PBXGroup section */
		1107C0901C0C359B0041D8D7 /* Data */ = {
			isa = PBXGroup;
			children = (
				1107C09A1C0C3B530041D8D7 /* cl_pdf.h */,
				1107C09B1C0C3B530041D8D7 /* cl_pdf.m */,
				1108B1B81BFC2691004B5D48 /* Contract.xcdatamodeld */,
			);
			name = Data;
			path = Views/Data;
			sourceTree = "<group>";
		};
		1108B1A01BFC2690004B5D48 = {
			isa = PBXGroup;
			children = (
				1108B1AB1BFC2691004B5D48 /* Contract */,
				1108B1AA1BFC2690004B5D48 /* Products */,
				113CB5BD1BFEE43D0081FDE7 /* Alamofire.xcodeproj */,
			);
			sourceTree = "<group>";
		};
		1108B1AA1BFC2690004B5D48 /* Products */ = {
			isa = PBXGroup;
			children = (
				1108B1A91BFC2690004B5D48 /* Contract.app */,
			);
			name = Products;
			sourceTree = "<group>";
		};
		1108B1AB1BFC2691004B5D48 /* Contract */ = {
			isa = PBXGroup;
			children = (
				1107C0901C0C359B0041D8D7 /* Data */,
				110CE6AD1C0439A70096E630 /* pdf */,
				113CB5901BFEC87A0081FDE7 /* Model */,
				11FA0B531BFD73D600F6605D /* Font */,
				1108B2721BFC55A2004B5D48 /* Views */,
				1108B2261BFC4047004B5D48 /* ILPDFKit */,
				1108B2121BFC290F004B5D48 /* Signature */,
				1108B1AF1BFC2691004B5D48 /* AppDelegate.h */,
				1108B1B01BFC2691004B5D48 /* AppDelegate.m */,
				1108B1B51BFC2691004B5D48 /* Main.storyboard */,
				1108B1BB1BFC2691004B5D48 /* Assets.xcassets */,
				1108B1BD1BFC2691004B5D48 /* LaunchScreen.storyboard */,
				1108B1C01BFC2691004B5D48 /* Info.plist */,
				1108B1AC1BFC2691004B5D48 /* Supporting Files */,
			);
			path = Contract;
			sourceTree = "<group>";
		};
		1108B1AC1BFC2691004B5D48 /* Supporting Files */ = {
			isa = PBXGroup;
			children = (
				1108B2251BFC2B0B004B5D48 /* ILPDFKitSample-Prefix.pch */,
				1108B1AD1BFC2691004B5D48 /* main.m */,
				1108B2231BFC2A6D004B5D48 /* UIKit.framework */,
				1108B2211BFC2A66004B5D48 /* CoreGraphics.framework */,
				1108B21F1BFC2A3B004B5D48 /* Foundation.framework */,
			);
			name = "Supporting Files";
			sourceTree = "<group>";
		};
		1108B2121BFC290F004B5D48 /* Signature */ = {
			isa = PBXGroup;
			children = (
				1108B2131BFC290F004B5D48 /* DrawSignView.h */,
				1108B2141BFC290F004B5D48 /* DrawSignView.m */,
				1108B2151BFC290F004B5D48 /* MyView.h */,
				1108B2161BFC290F004B5D48 /* MyView.m */,
				1108B2171BFC290F004B5D48 /* PopSignUtil.h */,
				1108B2181BFC290F004B5D48 /* PopSignUtil.m */,
				1108B2191BFC290F004B5D48 /* SignatureView.h */,
				1108B21A1BFC290F004B5D48 /* SignatureView.m */,
			);
			path = Signature;
			sourceTree = "<group>";
		};
		1108B2261BFC4047004B5D48 /* ILPDFKit */ = {
			isa = PBXGroup;
			children = (
				1108B2271BFC4047004B5D48 /* Controller */,
				1108B22C1BFC4047004B5D48 /* Model */,
				1108B2451BFC4047004B5D48 /* PDF.h */,
				1108B2461BFC4047004B5D48 /* Utility */,
				1108B24B1BFC4047004B5D48 /* View */,
			);
			path = ILPDFKit;
			sourceTree = "<group>";
		};
		1108B2271BFC4047004B5D48 /* Controller */ = {
			isa = PBXGroup;
			children = (
				1108B2281BFC4047004B5D48 /* PDFSerializer.h */,
				1108B2291BFC4047004B5D48 /* PDFSerializer.m */,
				1108B22A1BFC4047004B5D48 /* PDFViewController.h */,
				1108B22B1BFC4047004B5D48 /* PDFViewController.m */,
			);
			path = Controller;
			sourceTree = "<group>";
		};
		1108B22C1BFC4047004B5D48 /* Model */ = {
			isa = PBXGroup;
			children = (
				1108B22D1BFC4047004B5D48 /* Objects */,
				1108B23D1BFC4047004B5D48 /* PDFDocument.h */,
				1108B23E1BFC4047004B5D48 /* PDFDocument.m */,
				1108B23F1BFC4047004B5D48 /* PDFForm.h */,
				1108B2401BFC4047004B5D48 /* PDFForm.m */,
				1108B2411BFC4047004B5D48 /* PDFFormContainer.h */,
				1108B2421BFC4047004B5D48 /* PDFFormContainer.m */,
				1108B2431BFC4047004B5D48 /* PDFPage.h */,
				1108B2441BFC4047004B5D48 /* PDFPage.m */,
			);
			path = Model;
			sourceTree = "<group>";
		};
		1108B22D1BFC4047004B5D48 /* Objects */ = {
			isa = PBXGroup;
			children = (
				1108B22E1BFC4047004B5D48 /* PDFArray.h */,
				1108B22F1BFC4047004B5D48 /* PDFArray.m */,
				1108B2301BFC4047004B5D48 /* PDFDictionary.h */,
				1108B2311BFC4047004B5D48 /* PDFDictionary.m */,
				1108B2321BFC4047004B5D48 /* PDFName.h */,
				1108B2331BFC4047004B5D48 /* PDFName.m */,
				1108B2341BFC4047004B5D48 /* PDFNull.h */,
				1108B2351BFC4047004B5D48 /* PDFNull.m */,
				1108B2361BFC4047004B5D48 /* PDFNumber.h */,
				1108B2371BFC4047004B5D48 /* PDFNumber.m */,
				1108B2381BFC4047004B5D48 /* PDFObject.h */,
				1108B2391BFC4047004B5D48 /* PDFStream.h */,
				1108B23A1BFC4047004B5D48 /* PDFStream.m */,
				1108B23B1BFC4047004B5D48 /* PDFString.h */,
				1108B23C1BFC4047004B5D48 /* PDFString.m */,
			);
			path = Objects;
			sourceTree = "<group>";
		};
		1108B2461BFC4047004B5D48 /* Utility */ = {
			isa = PBXGroup;
			children = (
				1108B2471BFC4047004B5D48 /* PDFObjectParser.h */,
				1108B2481BFC4047004B5D48 /* PDFObjectParser.m */,
				1108B2491BFC4047004B5D48 /* PDFUtility.h */,
				1108B24A1BFC4047004B5D48 /* PDFUtility.m */,
			);
			path = Utility;
			sourceTree = "<group>";
		};
		1108B24B1BFC4047004B5D48 /* View */ = {
			isa = PBXGroup;
			children = (
				1108B24C1BFC4047004B5D48 /* PDFFormButtonField.h */,
				1108B24D1BFC4047004B5D48 /* PDFFormButtonField.m */,
				1108B24E1BFC4047004B5D48 /* PDFFormChoiceField.h */,
				1108B24F1BFC4047004B5D48 /* PDFFormChoiceField.m */,
				1108B2501BFC4047004B5D48 /* PDFFormImageView.h */,
				1108B2511BFC4047004B5D48 /* PDFFormImageView.m */,
				1108B2521BFC4047004B5D48 /* PDFFormSignatureField.h */,
				1108B2531BFC4047004B5D48 /* PDFFormSignatureField.m */,
				1108B2541BFC4047004B5D48 /* PDFFormTextField.h */,
				1108B2551BFC4047004B5D48 /* PDFFormTextField.m */,
				1108B2561BFC4047004B5D48 /* PDFView.h */,
				1108B2571BFC4047004B5D48 /* PDFView.m */,
				1108B2581BFC4047004B5D48 /* PDFWidgetAnnotationView.h */,
				1108B2591BFC4047004B5D48 /* PDFWidgetAnnotationView.m */,
			);
			path = View;
			sourceTree = "<group>";
		};
		1108B2721BFC55A2004B5D48 /* Views */ = {
			isa = PBXGroup;
			children = (
				1108B2731BFC55CF004B5D48 /* Contract-Bridging-Header.h */,
				1108B2781BFC6133004B5D48 /* BaseViewController.swift */,
				1108B2741BFC55CF004B5D48 /* LoginViewController.swift */,
				113CB5E11BFF06E90081FDE7 /* AddressListViewCell.swift */,
				11643C0D1C02EEEE000E2C0A /* AddressListViewHeadView.swift */,
				1176D20E1BFDC67C001C1C3E /* AddressListViewController.swift */,
				11643C151C030B8E000E2C0A /* CConstants.swift */,
				112118E21C056EC1000F85CE /* AddressListViewHeadView2.swift */,
				113BF5581C0D3C1900175B22 /* CConstantsC.swift */,
				113BF5621C0D706500175B22 /* PDFSignViewController.swift */,
			);
			path = Views;
			sourceTree = "<group>";
		};
		110CE6AD1C0439A70096E630 /* pdf */ = {
			isa = PBXGroup;
			children = (
				1188182D1C103E7200DAD592 /* BaseContract.pdf */,
				114733E61C103053000FC8D6 /* contract1pdf_3_100.txt */,
				114733E71C103053000FC8D6 /* contract1pdf_3_265.txt */,
				114733E81C103053000FC8D6 /* contract1pdf_3_306.txt */,
				114733E91C103053000FC8D6 /* contract1pdf_1_100.txt */,
				114733EA1C103053000FC8D6 /* contract1pdf_2_306.txt */,
				114733EB1C103053000FC8D6 /* contract1pdf_2_265.txt */,
				114733EC1C103053000FC8D6 /* contract1pdf_2_100.txt */,
				114733ED1C103053000FC8D6 /* contract1pdf_1_9999.txt */,
				114733EE1C103053000FC8D6 /* contract1pdf_1_306.txt */,
				114733F01C103053000FC8D6 /* contract1pdf_1_101.txt */,
				114733EF1C103053000FC8D6 /* contract1pdf_1_265.txt */,
			);
			path = pdf;
			sourceTree = "<group>";
		};
		113CB5901BFEC87A0081FDE7 /* Model */ = {
			isa = PBXGroup;
			children = (
				113CB5951BFEC8D60081FDE7 /* ContractObject.swift */,
				113CB5B91BFEE27A0081FDE7 /* ContractsItem.swift */,
				113CB5BB1BFEE2D80081FDE7 /* Contract.swift */,
				113CB5DD1BFEE5A80081FDE7 /* LoginUser.swift */,
				113CB5E31BFF0CBF0081FDE7 /* ContractRequestItem.swift */,
				113CB5E51BFF11EC0081FDE7 /* ContractSignature.swift */,
				110CE6A51C03F3370096E630 /* ContractSignatureError.swift */,
			);
			name = Model;
			path = Views/Model;
			sourceTree = "<group>";
		};
		113CB5BE1BFEE43D0081FDE7 /* Products */ = {
			isa = PBXGroup;
			children = (
				113CB5C81BFEE43E0081FDE7 /* Alamofire.framework */,
				113CB5CA1BFEE43E0081FDE7 /* Alamofire iOS Tests.xctest */,
				113CB5CC1BFEE43E0081FDE7 /* Alamofire.framework */,
				113CB5CE1BFEE43E0081FDE7 /* Alamofire OSX Tests.xctest */,
				113CB5D01BFEE43E0081FDE7 /* Alamofire.framework */,
				113CB5D21BFEE43E0081FDE7 /* Alamofire tvOS Tests.xctest */,
				113CB5D41BFEE43E0081FDE7 /* Alamofire.framework */,
			);
			name = Products;
			sourceTree = "<group>";
		};
		11FA0B531BFD73D600F6605D /* Font */ = {
			isa = PBXGroup;
			children = (
				11FA0B591BFD797B00F6605D /* Lato-Bold.ttf */,
				11FA0B5A1BFD797B00F6605D /* Lato-Regular.ttf */,
				11FA0B541BFD73E100F6605D /* Sanchez-Regular.ttf */,
			);
			path = Font;
			sourceTree = "<group>";
		};
/* End PBXGroup section */

/* Begin PBXNativeTarget section */
		1108B1A81BFC2690004B5D48 /* Contract */ = {
			isa = PBXNativeTarget;
			buildConfigurationList = 1108B1C31BFC2691004B5D48 /* Build configuration list for PBXNativeTarget "Contract" */;
			buildPhases = (
				1108B1A51BFC2690004B5D48 /* Sources */,
				1108B1A61BFC2690004B5D48 /* Frameworks */,
				1108B1A71BFC2690004B5D48 /* Resources */,
				113CB5DB1BFEE4990081FDE7 /* Embed Frameworks */,
			);
			buildRules = (
			);
			dependencies = (
				113CB5D61BFEE4690081FDE7 /* PBXTargetDependency */,
				113CB5DA1BFEE4990081FDE7 /* PBXTargetDependency */,
			);
			name = Contract;
			productName = Contract;
			productReference = 1108B1A91BFC2690004B5D48 /* Contract.app */;
			productType = "com.apple.product-type.application";
		};
/* End PBXNativeTarget section */

/* Begin PBXProject section */
		1108B1A11BFC2690004B5D48 /* Project object */ = {
			isa = PBXProject;
			attributes = {
				LastUpgradeCheck = 0710;
				ORGANIZATIONNAME = HapApp;
				TargetAttributes = {
					1108B1A81BFC2690004B5D48 = {
						CreatedOnToolsVersion = 7.1.1;
						DevelopmentTeam = 7D8CVP7EK4;
					};
				};
			};
			buildConfigurationList = 1108B1A41BFC2690004B5D48 /* Build configuration list for PBXProject "Contract" */;
			compatibilityVersion = "Xcode 3.2";
			developmentRegion = English;
			hasScannedForEncodings = 0;
			knownRegions = (
				en,
				Base,
			);
			mainGroup = 1108B1A01BFC2690004B5D48;
			productRefGroup = 1108B1AA1BFC2690004B5D48 /* Products */;
			projectDirPath = "";
			projectReferences = (
				{
					ProductGroup = 113CB5BE1BFEE43D0081FDE7 /* Products */;
					ProjectRef = 113CB5BD1BFEE43D0081FDE7 /* Alamofire.xcodeproj */;
				},
			);
			projectRoot = "";
			targets = (
				1108B1A81BFC2690004B5D48 /* Contract */,
			);
		};
/* End PBXProject section */

/* Begin PBXReferenceProxy section */
		113CB5C81BFEE43E0081FDE7 /* Alamofire.framework */ = {
			isa = PBXReferenceProxy;
			fileType = wrapper.framework;
			path = Alamofire.framework;
			remoteRef = 113CB5C71BFEE43E0081FDE7 /* PBXContainerItemProxy */;
			sourceTree = BUILT_PRODUCTS_DIR;
		};
		113CB5CA1BFEE43E0081FDE7 /* Alamofire iOS Tests.xctest */ = {
			isa = PBXReferenceProxy;
			fileType = wrapper.cfbundle;
			path = "Alamofire iOS Tests.xctest";
			remoteRef = 113CB5C91BFEE43E0081FDE7 /* PBXContainerItemProxy */;
			sourceTree = BUILT_PRODUCTS_DIR;
		};
		113CB5CC1BFEE43E0081FDE7 /* Alamofire.framework */ = {
			isa = PBXReferenceProxy;
			fileType = wrapper.framework;
			path = Alamofire.framework;
			remoteRef = 113CB5CB1BFEE43E0081FDE7 /* PBXContainerItemProxy */;
			sourceTree = BUILT_PRODUCTS_DIR;
		};
		113CB5CE1BFEE43E0081FDE7 /* Alamofire OSX Tests.xctest */ = {
			isa = PBXReferenceProxy;
			fileType = wrapper.cfbundle;
			path = "Alamofire OSX Tests.xctest";
			remoteRef = 113CB5CD1BFEE43E0081FDE7 /* PBXContainerItemProxy */;
			sourceTree = BUILT_PRODUCTS_DIR;
		};
		113CB5D01BFEE43E0081FDE7 /* Alamofire.framework */ = {
			isa = PBXReferenceProxy;
			fileType = wrapper.framework;
			path = Alamofire.framework;
			remoteRef = 113CB5CF1BFEE43E0081FDE7 /* PBXContainerItemProxy */;
			sourceTree = BUILT_PRODUCTS_DIR;
		};
		113CB5D21BFEE43E0081FDE7 /* Alamofire tvOS Tests.xctest */ = {
			isa = PBXReferenceProxy;
			fileType = wrapper.cfbundle;
			path = "Alamofire tvOS Tests.xctest";
			remoteRef = 113CB5D11BFEE43E0081FDE7 /* PBXContainerItemProxy */;
			sourceTree = BUILT_PRODUCTS_DIR;
		};
		113CB5D41BFEE43E0081FDE7 /* Alamofire.framework */ = {
			isa = PBXReferenceProxy;
			fileType = wrapper.framework;
			path = Alamofire.framework;
			remoteRef = 113CB5D31BFEE43E0081FDE7 /* PBXContainerItemProxy */;
			sourceTree = BUILT_PRODUCTS_DIR;
		};
/* End PBXReferenceProxy section */

/* Begin PBXResourcesBuildPhase section */
		1108B1A71BFC2690004B5D48 /* Resources */ = {
			isa = PBXResourcesBuildPhase;
			buildActionMask = 2147483647;
			files = (
				114733F21C103053000FC8D6 /* contract1pdf_3_265.txt in Resources */,
				11FA0B5B1BFD79BC00F6605D /* Lato-Bold.ttf in Resources */,
				1188182E1C103E7200DAD592 /* BaseContract.pdf in Resources */,
				11FA0B5C1BFD79BC00F6605D /* Lato-Regular.ttf in Resources */,
				1108B1BF1BFC2691004B5D48 /* LaunchScreen.storyboard in Resources */,
				114733F41C103053000FC8D6 /* contract1pdf_1_100.txt in Resources */,
				114733F91C103053000FC8D6 /* contract1pdf_1_306.txt in Resources */,
				114733F61C103053000FC8D6 /* contract1pdf_2_265.txt in Resources */,
				114733F71C103053000FC8D6 /* contract1pdf_2_100.txt in Resources */,
				1108B1BC1BFC2691004B5D48 /* Assets.xcassets in Resources */,
				114733F51C103053000FC8D6 /* contract1pdf_2_306.txt in Resources */,
				11FA0B551BFD73E100F6605D /* Sanchez-Regular.ttf in Resources */,
				114733F31C103053000FC8D6 /* contract1pdf_3_306.txt in Resources */,
				1108B1B71BFC2691004B5D48 /* Main.storyboard in Resources */,
				114733F81C103053000FC8D6 /* contract1pdf_1_9999.txt in Resources */,
				114733FA1C103053000FC8D6 /* contract1pdf_1_265.txt in Resources */,
				114733FB1C103053000FC8D6 /* contract1pdf_1_101.txt in Resources */,
				114733F11C103053000FC8D6 /* contract1pdf_3_100.txt in Resources */,
			);
			runOnlyForDeploymentPostprocessing = 0;
		};
/* End PBXResourcesBuildPhase section */

/* Begin PBXSourcesBuildPhase section */
		1108B1A51BFC2690004B5D48 /* Sources */ = {
			isa = PBXSourcesBuildPhase;
			buildActionMask = 2147483647;
			files = (
				1108B2701BFC4047004B5D48 /* PDFWidgetAnnotationView.m in Sources */,
				1108B2651BFC4047004B5D48 /* PDFForm.m in Sources */,
				113BF5631C0D706500175B22 /* PDFSignViewController.swift in Sources */,
				1108B2671BFC4047004B5D48 /* PDFPage.m in Sources */,
				1108B2691BFC4047004B5D48 /* PDFUtility.m in Sources */,
				113CB5E41BFF0CBF0081FDE7 /* ContractRequestItem.swift in Sources */,
				1108B2791BFC6133004B5D48 /* BaseViewController.swift in Sources */,
				1108B25B1BFC4047004B5D48 /* PDFSerializer.m in Sources */,
				1108B2641BFC4047004B5D48 /* PDFDocument.m in Sources */,
				1108B26A1BFC4047004B5D48 /* PDFFormButtonField.m in Sources */,
				1108B25C1BFC4047004B5D48 /* PDFViewController.m in Sources */,
				11643C161C030B8E000E2C0A /* CConstants.swift in Sources */,
				1108B2681BFC4047004B5D48 /* PDFObjectParser.m in Sources */,
				1108B25D1BFC4047004B5D48 /* PDFArray.m in Sources */,
				1108B1B11BFC2691004B5D48 /* AppDelegate.m in Sources */,
				1108B26C1BFC4047004B5D48 /* PDFFormImageView.m in Sources */,
				112118E31C056EC1000F85CE /* AddressListViewHeadView2.swift in Sources */,
				1108B2751BFC55CF004B5D48 /* LoginViewController.swift in Sources */,
				113CB5961BFEC8D60081FDE7 /* ContractObject.swift in Sources */,
				1108B2611BFC4047004B5D48 /* PDFNumber.m in Sources */,
				113CB5BA1BFEE27A0081FDE7 /* ContractsItem.swift in Sources */,
				1108B25F1BFC4047004B5D48 /* PDFName.m in Sources */,
				1108B26D1BFC4047004B5D48 /* PDFFormSignatureField.m in Sources */,
				113CB5BC1BFEE2D80081FDE7 /* Contract.swift in Sources */,
				1108B26B1BFC4047004B5D48 /* PDFFormChoiceField.m in Sources */,
				1108B26E1BFC4047004B5D48 /* PDFFormTextField.m in Sources */,
				1108B1AE1BFC2691004B5D48 /* main.m in Sources */,
				1108B21E1BFC290F004B5D48 /* SignatureView.m in Sources */,
				1108B26F1BFC4047004B5D48 /* PDFView.m in Sources */,
				1176D20F1BFDC67C001C1C3E /* AddressListViewController.swift in Sources */,
				1108B21B1BFC290F004B5D48 /* DrawSignView.m in Sources */,
				113CB5E21BFF06E90081FDE7 /* AddressListViewCell.swift in Sources */,
				1108B21C1BFC290F004B5D48 /* MyView.m in Sources */,
				1108B21D1BFC290F004B5D48 /* PopSignUtil.m in Sources */,
				1108B2661BFC4047004B5D48 /* PDFFormContainer.m in Sources */,
				113CB5DE1BFEE5A80081FDE7 /* LoginUser.swift in Sources */,
				1108B2621BFC4047004B5D48 /* PDFStream.m in Sources */,
				11643C0E1C02EEEE000E2C0A /* AddressListViewHeadView.swift in Sources */,
				1108B25E1BFC4047004B5D48 /* PDFDictionary.m in Sources */,
				110CE6A61C03F3370096E630 /* ContractSignatureError.swift in Sources */,
				113BF5591C0D3C1900175B22 /* CConstantsC.swift in Sources */,
				1108B2631BFC4047004B5D48 /* PDFString.m in Sources */,
				1108B1BA1BFC2691004B5D48 /* Contract.xcdatamodeld in Sources */,
				1107C09C1C0C3B530041D8D7 /* cl_pdf.m in Sources */,
				1108B2601BFC4047004B5D48 /* PDFNull.m in Sources */,
				113CB5E61BFF11EC0081FDE7 /* ContractSignature.swift in Sources */,
			);
			runOnlyForDeploymentPostprocessing = 0;
		};
/* End PBXSourcesBuildPhase section */

/* Begin PBXTargetDependency section */
		113CB5D61BFEE4690081FDE7 /* PBXTargetDependency */ = {
			isa = PBXTargetDependency;
			name = "Alamofire iOS";
			targetProxy = 113CB5D51BFEE4690081FDE7 /* PBXContainerItemProxy */;
		};
		113CB5DA1BFEE4990081FDE7 /* PBXTargetDependency */ = {
			isa = PBXTargetDependency;
			name = "Alamofire iOS";
			targetProxy = 113CB5D91BFEE4990081FDE7 /* PBXContainerItemProxy */;
		};
/* End PBXTargetDependency section */

/* Begin PBXVariantGroup section */
		1108B1B51BFC2691004B5D48 /* Main.storyboard */ = {
			isa = PBXVariantGroup;
			children = (
				1108B1B61BFC2691004B5D48 /* Base */,
			);
			name = Main.storyboard;
			sourceTree = "<group>";
		};
		1108B1BD1BFC2691004B5D48 /* LaunchScreen.storyboard */ = {
			isa = PBXVariantGroup;
			children = (
				1108B1BE1BFC2691004B5D48 /* Base */,
			);
			name = LaunchScreen.storyboard;
			sourceTree = "<group>";
		};
/* End PBXVariantGroup section */

/* Begin XCBuildConfiguration section */
		1108B1C11BFC2691004B5D48 /* Debug */ = {
			isa = XCBuildConfiguration;
			buildSettings = {
				ALWAYS_SEARCH_USER_PATHS = NO;
				CLANG_CXX_LANGUAGE_STANDARD = "gnu++0x";
				CLANG_CXX_LIBRARY = "libc++";
				CLANG_ENABLE_MODULES = YES;
				CLANG_ENABLE_OBJC_ARC = YES;
				CLANG_WARN_BOOL_CONVERSION = YES;
				CLANG_WARN_CONSTANT_CONVERSION = YES;
				CLANG_WARN_DIRECT_OBJC_ISA_USAGE = YES_ERROR;
				CLANG_WARN_EMPTY_BODY = YES;
				CLANG_WARN_ENUM_CONVERSION = YES;
				CLANG_WARN_INT_CONVERSION = YES;
				CLANG_WARN_OBJC_ROOT_CLASS = YES_ERROR;
				CLANG_WARN_UNREACHABLE_CODE = YES;
				CLANG_WARN__DUPLICATE_METHOD_MATCH = YES;
				"CODE_SIGN_IDENTITY[sdk=iphoneos*]" = "iPhone Developer";
				COPY_PHASE_STRIP = NO;
				DEBUG_INFORMATION_FORMAT = dwarf;
				ENABLE_STRICT_OBJC_MSGSEND = YES;
				ENABLE_TESTABILITY = YES;
				GCC_C_LANGUAGE_STANDARD = gnu99;
				GCC_DYNAMIC_NO_PIC = NO;
				GCC_NO_COMMON_BLOCKS = YES;
				GCC_OPTIMIZATION_LEVEL = 0;
				GCC_PREPROCESSOR_DEFINITIONS = (
					"DEBUG=1",
					"$(inherited)",
				);
				GCC_WARN_64_TO_32_BIT_CONVERSION = YES;
				GCC_WARN_ABOUT_RETURN_TYPE = YES_ERROR;
				GCC_WARN_UNDECLARED_SELECTOR = YES;
				GCC_WARN_UNINITIALIZED_AUTOS = YES_AGGRESSIVE;
				GCC_WARN_UNUSED_FUNCTION = YES;
				GCC_WARN_UNUSED_VARIABLE = YES;
				IPHONEOS_DEPLOYMENT_TARGET = 8.0;
				MTL_ENABLE_DEBUG_INFO = YES;
				ONLY_ACTIVE_ARCH = YES;
				SDKROOT = iphoneos;
				TARGETED_DEVICE_FAMILY = 2;
			};
			name = Debug;
		};
		1108B1C21BFC2691004B5D48 /* Release */ = {
			isa = XCBuildConfiguration;
			buildSettings = {
				ALWAYS_SEARCH_USER_PATHS = NO;
				CLANG_CXX_LANGUAGE_STANDARD = "gnu++0x";
				CLANG_CXX_LIBRARY = "libc++";
				CLANG_ENABLE_MODULES = YES;
				CLANG_ENABLE_OBJC_ARC = YES;
				CLANG_WARN_BOOL_CONVERSION = YES;
				CLANG_WARN_CONSTANT_CONVERSION = YES;
				CLANG_WARN_DIRECT_OBJC_ISA_USAGE = YES_ERROR;
				CLANG_WARN_EMPTY_BODY = YES;
				CLANG_WARN_ENUM_CONVERSION = YES;
				CLANG_WARN_INT_CONVERSION = YES;
				CLANG_WARN_OBJC_ROOT_CLASS = YES_ERROR;
				CLANG_WARN_UNREACHABLE_CODE = YES;
				CLANG_WARN__DUPLICATE_METHOD_MATCH = YES;
				"CODE_SIGN_IDENTITY[sdk=iphoneos*]" = "iPhone Developer";
				COPY_PHASE_STRIP = NO;
				DEBUG_INFORMATION_FORMAT = "dwarf-with-dsym";
				ENABLE_NS_ASSERTIONS = NO;
				ENABLE_STRICT_OBJC_MSGSEND = YES;
				GCC_C_LANGUAGE_STANDARD = gnu99;
				GCC_NO_COMMON_BLOCKS = YES;
				GCC_WARN_64_TO_32_BIT_CONVERSION = YES;
				GCC_WARN_ABOUT_RETURN_TYPE = YES_ERROR;
				GCC_WARN_UNDECLARED_SELECTOR = YES;
				GCC_WARN_UNINITIALIZED_AUTOS = YES_AGGRESSIVE;
				GCC_WARN_UNUSED_FUNCTION = YES;
				GCC_WARN_UNUSED_VARIABLE = YES;
				IPHONEOS_DEPLOYMENT_TARGET = 8.0;
				MTL_ENABLE_DEBUG_INFO = NO;
				SDKROOT = iphoneos;
				TARGETED_DEVICE_FAMILY = 2;
				VALIDATE_PRODUCT = YES;
			};
			name = Release;
		};
		1108B1C41BFC2691004B5D48 /* Debug */ = {
			isa = XCBuildConfiguration;
			buildSettings = {
				ASSETCATALOG_COMPILER_APPICON_NAME = AppIcon;
				CLANG_ENABLE_MODULES = YES;
				CODE_SIGN_IDENTITY = "iPhone Developer";
				DEFINES_MODULE = YES;
				EMBEDDED_CONTENT_CONTAINS_SWIFT = YES;
				GCC_PRECOMPILE_PREFIX_HEADER = YES;
				GCC_PREFIX_HEADER = "Contract/ILPDFKitSample-Prefix.pch";
				INFOPLIST_FILE = Contract/Info.plist;
				IPHONEOS_DEPLOYMENT_TARGET = 8.0;
				LD_RUNPATH_SEARCH_PATHS = "$(inherited) @executable_path/Frameworks";
				PRODUCT_BUNDLE_IDENTIFIER = com.ba.Contract;
				PRODUCT_NAME = "$(TARGET_NAME)";
				SWIFT_OBJC_BRIDGING_HEADER = "Contract/Views/Contract-Bridging-Header.h";
				SWIFT_OPTIMIZATION_LEVEL = "-Onone";
			};
			name = Debug;
		};
		1108B1C51BFC2691004B5D48 /* Release */ = {
			isa = XCBuildConfiguration;
			buildSettings = {
				ASSETCATALOG_COMPILER_APPICON_NAME = AppIcon;
				CLANG_ENABLE_MODULES = YES;
				CODE_SIGN_IDENTITY = "iPhone Developer";
				DEFINES_MODULE = YES;
				EMBEDDED_CONTENT_CONTAINS_SWIFT = YES;
				GCC_PRECOMPILE_PREFIX_HEADER = YES;
				GCC_PREFIX_HEADER = "Contract/ILPDFKitSample-Prefix.pch";
				INFOPLIST_FILE = Contract/Info.plist;
				IPHONEOS_DEPLOYMENT_TARGET = 8.0;
				LD_RUNPATH_SEARCH_PATHS = "$(inherited) @executable_path/Frameworks";
				PRODUCT_BUNDLE_IDENTIFIER = com.ba.Contract;
				PRODUCT_NAME = "$(TARGET_NAME)";
				SWIFT_OBJC_BRIDGING_HEADER = "Contract/Views/Contract-Bridging-Header.h";
			};
			name = Release;
		};
/* End XCBuildConfiguration section */

/* Begin XCConfigurationList section */
		1108B1A41BFC2690004B5D48 /* Build configuration list for PBXProject "Contract" */ = {
			isa = XCConfigurationList;
			buildConfigurations = (
				1108B1C11BFC2691004B5D48 /* Debug */,
				1108B1C21BFC2691004B5D48 /* Release */,
			);
			defaultConfigurationIsVisible = 0;
			defaultConfigurationName = Release;
		};
		1108B1C31BFC2691004B5D48 /* Build configuration list for PBXNativeTarget "Contract" */ = {
			isa = XCConfigurationList;
			buildConfigurations = (
				1108B1C41BFC2691004B5D48 /* Debug */,
				1108B1C51BFC2691004B5D48 /* Release */,
			);
			defaultConfigurationIsVisible = 0;
			defaultConfigurationName = Release;
		};
/* End XCConfigurationList section */

/* Begin XCVersionGroup section */
		1108B1B81BFC2691004B5D48 /* Contract.xcdatamodeld */ = {
			isa = XCVersionGroup;
			children = (
				1108B1B91BFC2691004B5D48 /* Contract.xcdatamodel */,
			);
			currentVersion = 1108B1B91BFC2691004B5D48 /* Contract.xcdatamodel */;
			name = Contract.xcdatamodeld;
			path = ../../Contract.xcdatamodeld;
			sourceTree = "<group>";
			versionGroupType = wrapper.xcdatamodel;
		};
/* End XCVersionGroup section */
	};
	rootObject = 1108B1A11BFC2690004B5D48 /* Project object */;
}
