// !$*UTF8*$!
{
	archiveVersion = 1;
	classes = {
	};
	objectVersion = 46;
	objects = {

/* Begin PBXBuildFile section */
		1106EE221E3634C2003598BF /* BSImagePicker.framework in Frameworks */ = {isa = PBXBuildFile; fileRef = 1106EE211E3634C2003598BF /* BSImagePicker.framework */; };
		1108B1B71BFC2691004B5D48 /* Main.storyboard in Resources */ = {isa = PBXBuildFile; fileRef = 1108B1B51BFC2691004B5D48 /* Main.storyboard */; };
		1108B1BF1BFC2691004B5D48 /* LaunchScreen.storyboard in Resources */ = {isa = PBXBuildFile; fileRef = 1108B1BD1BFC2691004B5D48 /* LaunchScreen.storyboard */; };
		1108B2201BFC2A3B004B5D48 /* Foundation.framework in Frameworks */ = {isa = PBXBuildFile; fileRef = 1108B21F1BFC2A3B004B5D48 /* Foundation.framework */; };
		1108B2221BFC2A66004B5D48 /* CoreGraphics.framework in Frameworks */ = {isa = PBXBuildFile; fileRef = 1108B2211BFC2A66004B5D48 /* CoreGraphics.framework */; };
		1108B2241BFC2A6D004B5D48 /* UIKit.framework in Frameworks */ = {isa = PBXBuildFile; fileRef = 1108B2231BFC2A6D004B5D48 /* UIKit.framework */; };
		1114C79C1C812AE900924A21 /* AppDelegate.swift in Sources */ = {isa = PBXBuildFile; fileRef = 1114C79B1C812AE900924A21 /* AppDelegate.swift */; };
		115C730A1E39DFF4003F243F /* checklistItemL.swift in Sources */ = {isa = PBXBuildFile; fileRef = 115C73091E39DFF4003F243F /* checklistItemL.swift */; };
		115D6E801E3839E5002B6DA6 /* cl_introWalkPhotoLocal.swift in Sources */ = {isa = PBXBuildFile; fileRef = 115D6E7F1E3839E5002B6DA6 /* cl_introWalkPhotoLocal.swift */; };
		11661D611CC7750A00C974A0 /* Assets.xcassets in Resources */ = {isa = PBXBuildFile; fileRef = 11661D601CC7750A00C974A0 /* Assets.xcassets */; };
		117CA2EC1E359E4E00166AFB /* util.swift in Sources */ = {isa = PBXBuildFile; fileRef = 117CA2EB1E359E4E00166AFB /* util.swift */; };
		118D95A41E34D4F000D7E28C /* cl_introWalkLocal.swift in Sources */ = {isa = PBXBuildFile; fileRef = 118D95A31E34D4F000D7E28C /* cl_introWalkLocal.swift */; };
		119AA3861E334B5F00EF8D3C /* IntroWalkItemViewController.swift in Sources */ = {isa = PBXBuildFile; fileRef = 119AA37D1E334B5F00EF8D3C /* IntroWalkItemViewController.swift */; };
		119AA3881E334B5F00EF8D3C /* AddressListViewController.swift in Sources */ = {isa = PBXBuildFile; fileRef = 119AA37F1E334B5F00EF8D3C /* AddressListViewController.swift */; };
		119AA3891E334B5F00EF8D3C /* BaseViewController.swift in Sources */ = {isa = PBXBuildFile; fileRef = 119AA3801E334B5F00EF8D3C /* BaseViewController.swift */; };
		119AA38A1E334B5F00EF8D3C /* BigPictureViewController.swift in Sources */ = {isa = PBXBuildFile; fileRef = 119AA3811E334B5F00EF8D3C /* BigPictureViewController.swift */; };
		119AA38B1E334B5F00EF8D3C /* CConstants.swift in Sources */ = {isa = PBXBuildFile; fileRef = 119AA3821E334B5F00EF8D3C /* CConstants.swift */; };
		119AA38C1E334B5F00EF8D3C /* LoginViewController.swift in Sources */ = {isa = PBXBuildFile; fileRef = 119AA3841E334B5F00EF8D3C /* LoginViewController.swift */; };
		119AA38D1E334B5F00EF8D3C /* AddressListViewHeadView.swift in Sources */ = {isa = PBXBuildFile; fileRef = 119AA3851E334B5F00EF8D3C /* AddressListViewHeadView.swift */; };
		119AA3921E334B8A00EF8D3C /* projectItem.swift in Sources */ = {isa = PBXBuildFile; fileRef = 119AA38E1E334B8A00EF8D3C /* projectItem.swift */; };
		119AA3931E334B8A00EF8D3C /* BaseObject.swift in Sources */ = {isa = PBXBuildFile; fileRef = 119AA38F1E334B8A00EF8D3C /* BaseObject.swift */; };
		119AA3941E334B8A00EF8D3C /* LoginUser.swift in Sources */ = {isa = PBXBuildFile; fileRef = 119AA3901E334B8A00EF8D3C /* LoginUser.swift */; };
		119AA3951E334B8A00EF8D3C /* LoginInUser.swift in Sources */ = {isa = PBXBuildFile; fileRef = 119AA3911E334B8A00EF8D3C /* LoginInUser.swift */; };
		119AA3991E334BF500EF8D3C /* cl_project.swift in Sources */ = {isa = PBXBuildFile; fileRef = 119AA3961E334BF500EF8D3C /* cl_project.swift */; };
		119AA39A1E334BF500EF8D3C /* Contract.xcdatamodeld in Sources */ = {isa = PBXBuildFile; fileRef = 119AA3971E334BF500EF8D3C /* Contract.xcdatamodeld */; };
		119AA39C1E33512C00EF8D3C /* selectionImageCell.swift in Sources */ = {isa = PBXBuildFile; fileRef = 119AA39B1E33512C00EF8D3C /* selectionImageCell.swift */; };
		119AA39F1E3351AD00EF8D3C /* myUILabel.m in Sources */ = {isa = PBXBuildFile; fileRef = 119AA39E1E3351AD00EF8D3C /* myUILabel.m */; };
		4243E2601E5BDE3900A32213 /* cl_ObjIntroWalk2Photo.swift in Sources */ = {isa = PBXBuildFile; fileRef = 4243E25F1E5BDE3900A32213 /* cl_ObjIntroWalk2Photo.swift */; };
		425AA2EE1E5A922B005995B4 /* SendOperationViewController.swift in Sources */ = {isa = PBXBuildFile; fileRef = 425AA2ED1E5A922B005995B4 /* SendOperationViewController.swift */; };
		425AA2F01E5AC022005995B4 /* AddressUITableViewCell.swift in Sources */ = {isa = PBXBuildFile; fileRef = 425AA2EF1E5AC022005995B4 /* AddressUITableViewCell.swift */; };
		425D479A1E5D1C7600C044FD /* cl_ObjIntroWalk2.swift in Sources */ = {isa = PBXBuildFile; fileRef = 425D47991E5D1C7600C044FD /* cl_ObjIntroWalk2.swift */; };
		4282F0761E56901600576A9D /* IntroWalkListViewController.swift in Sources */ = {isa = PBXBuildFile; fileRef = 4282F0751E56901600576A9D /* IntroWalkListViewController.swift */; };
		4282F0781E5694C200576A9D /* IntroWalkTableViewCell.swift in Sources */ = {isa = PBXBuildFile; fileRef = 4282F0771E5694C200576A9D /* IntroWalkTableViewCell.swift */; };
		4282F07A1E56BDAF00576A9D /* ChecklistItem.swift in Sources */ = {isa = PBXBuildFile; fileRef = 4282F0791E56BDAF00576A9D /* ChecklistItem.swift */; };
		42CA8BF11E5D623C00C025F3 /* DrawSignView.m in Sources */ = {isa = PBXBuildFile; fileRef = 42CA8BE81E5D623C00C025F3 /* DrawSignView.m */; };
		42CA8BF21E5D623C00C025F3 /* MyView.m in Sources */ = {isa = PBXBuildFile; fileRef = 42CA8BEA1E5D623C00C025F3 /* MyView.m */; };
		42CA8BF31E5D623C00C025F3 /* PopSignUtil.m in Sources */ = {isa = PBXBuildFile; fileRef = 42CA8BEC1E5D623C00C025F3 /* PopSignUtil.m */; };
		42CA8BF51E5D623C00C025F3 /* SPUserResizableView.m in Sources */ = {isa = PBXBuildFile; fileRef = 42CA8BF01E5D623C00C025F3 /* SPUserResizableView.m */; };
		640AC2494E0AC9F5E5CA743E /* Pods_Contract.framework in Frameworks */ = {isa = PBXBuildFile; fileRef = 22F18C19584528B1717CD718 /* Pods_Contract.framework */; };
/* End PBXBuildFile section */

/* Begin PBXCopyFilesBuildPhase section */
		113CB5DB1BFEE4990081FDE7 /* Embed Frameworks */ = {
			isa = PBXCopyFilesBuildPhase;
			buildActionMask = 2147483647;
			dstPath = "";
			dstSubfolderSpec = 10;
			files = (
			);
			name = "Embed Frameworks";
			runOnlyForDeploymentPostprocessing = 0;
		};
/* End PBXCopyFilesBuildPhase section */

/* Begin PBXFileReference section */
		1106EE211E3634C2003598BF /* BSImagePicker.framework */ = {isa = PBXFileReference; lastKnownFileType = wrapper.framework; name = BSImagePicker.framework; path = "../../Library/Developer/Xcode/DerivedData/Contract-hjdivrrliwejwdaukdnyotwvmrog/Build/Products/Debug-iphonesimulator/BSImagePicker/BSImagePicker.framework"; sourceTree = "<group>"; };
		1108B1A91BFC2690004B5D48 /* Contract.app */ = {isa = PBXFileReference; explicitFileType = wrapper.application; includeInIndex = 0; path = Contract.app; sourceTree = BUILT_PRODUCTS_DIR; };
		1108B1B61BFC2691004B5D48 /* Base */ = {isa = PBXFileReference; lastKnownFileType = file.storyboard; name = Base; path = Base.lproj/Main.storyboard; sourceTree = "<group>"; };
		1108B1BE1BFC2691004B5D48 /* Base */ = {isa = PBXFileReference; lastKnownFileType = file.storyboard; name = Base; path = Base.lproj/LaunchScreen.storyboard; sourceTree = "<group>"; };
		1108B1C01BFC2691004B5D48 /* Info.plist */ = {isa = PBXFileReference; lastKnownFileType = text.plist.xml; path = Info.plist; sourceTree = "<group>"; };
		1108B21F1BFC2A3B004B5D48 /* Foundation.framework */ = {isa = PBXFileReference; lastKnownFileType = wrapper.framework; name = Foundation.framework; path = System/Library/Frameworks/Foundation.framework; sourceTree = SDKROOT; };
		1108B2211BFC2A66004B5D48 /* CoreGraphics.framework */ = {isa = PBXFileReference; lastKnownFileType = wrapper.framework; name = CoreGraphics.framework; path = System/Library/Frameworks/CoreGraphics.framework; sourceTree = SDKROOT; };
		1108B2231BFC2A6D004B5D48 /* UIKit.framework */ = {isa = PBXFileReference; lastKnownFileType = wrapper.framework; name = UIKit.framework; path = System/Library/Frameworks/UIKit.framework; sourceTree = SDKROOT; };
		1108B2251BFC2B0B004B5D48 /* ILPDFKitSample-Prefix.pch */ = {isa = PBXFileReference; lastKnownFileType = sourcecode.c.h; path = "ILPDFKitSample-Prefix.pch"; sourceTree = "<group>"; };
		1114C79B1C812AE900924A21 /* AppDelegate.swift */ = {isa = PBXFileReference; fileEncoding = 4; lastKnownFileType = sourcecode.swift; path = AppDelegate.swift; sourceTree = "<group>"; };
		1158E57A1CB34FD0004C2A47 /* Alamofire.framework */ = {isa = PBXFileReference; lastKnownFileType = wrapper.framework; name = Alamofire.framework; path = "../../../Library/Developer/Xcode/DerivedData/Contract-dcqjjoxvaaolymaiaqvwpxclpghp/Build/Products/Debug-iphonesimulator/Alamofire/Alamofire.framework"; sourceTree = "<group>"; };
		115C73091E39DFF4003F243F /* checklistItemL.swift */ = {isa = PBXFileReference; fileEncoding = 4; lastKnownFileType = sourcecode.swift; path = checklistItemL.swift; sourceTree = "<group>"; };
		115D6E7F1E3839E5002B6DA6 /* cl_introWalkPhotoLocal.swift */ = {isa = PBXFileReference; fileEncoding = 4; lastKnownFileType = sourcecode.swift; path = cl_introWalkPhotoLocal.swift; sourceTree = "<group>"; };
		11661D601CC7750A00C974A0 /* Assets.xcassets */ = {isa = PBXFileReference; lastKnownFileType = folder.assetcatalog; path = Assets.xcassets; sourceTree = "<group>"; };
		117CA2EB1E359E4E00166AFB /* util.swift */ = {isa = PBXFileReference; fileEncoding = 4; lastKnownFileType = sourcecode.swift; path = util.swift; sourceTree = "<group>"; };
		118D95A31E34D4F000D7E28C /* cl_introWalkLocal.swift */ = {isa = PBXFileReference; fileEncoding = 4; lastKnownFileType = sourcecode.swift; path = cl_introWalkLocal.swift; sourceTree = "<group>"; };
		119AA37D1E334B5F00EF8D3C /* IntroWalkItemViewController.swift */ = {isa = PBXFileReference; fileEncoding = 4; lastKnownFileType = sourcecode.swift; path = IntroWalkItemViewController.swift; sourceTree = "<group>"; };
		119AA37F1E334B5F00EF8D3C /* AddressListViewController.swift */ = {isa = PBXFileReference; fileEncoding = 4; lastKnownFileType = sourcecode.swift; path = AddressListViewController.swift; sourceTree = "<group>"; };
		119AA3801E334B5F00EF8D3C /* BaseViewController.swift */ = {isa = PBXFileReference; fileEncoding = 4; lastKnownFileType = sourcecode.swift; path = BaseViewController.swift; sourceTree = "<group>"; };
		119AA3811E334B5F00EF8D3C /* BigPictureViewController.swift */ = {isa = PBXFileReference; fileEncoding = 4; lastKnownFileType = sourcecode.swift; path = BigPictureViewController.swift; sourceTree = "<group>"; };
		119AA3821E334B5F00EF8D3C /* CConstants.swift */ = {isa = PBXFileReference; fileEncoding = 4; lastKnownFileType = sourcecode.swift; path = CConstants.swift; sourceTree = "<group>"; };
		119AA3831E334B5F00EF8D3C /* Contract-Bridging-Header.h */ = {isa = PBXFileReference; fileEncoding = 4; lastKnownFileType = sourcecode.c.h; path = "Contract-Bridging-Header.h"; sourceTree = "<group>"; };
		119AA3841E334B5F00EF8D3C /* LoginViewController.swift */ = {isa = PBXFileReference; fileEncoding = 4; lastKnownFileType = sourcecode.swift; path = LoginViewController.swift; sourceTree = "<group>"; };
		119AA3851E334B5F00EF8D3C /* AddressListViewHeadView.swift */ = {isa = PBXFileReference; fileEncoding = 4; lastKnownFileType = sourcecode.swift; path = AddressListViewHeadView.swift; sourceTree = "<group>"; };
		119AA38E1E334B8A00EF8D3C /* projectItem.swift */ = {isa = PBXFileReference; fileEncoding = 4; lastKnownFileType = sourcecode.swift; path = projectItem.swift; sourceTree = "<group>"; };
		119AA38F1E334B8A00EF8D3C /* BaseObject.swift */ = {isa = PBXFileReference; fileEncoding = 4; lastKnownFileType = sourcecode.swift; path = BaseObject.swift; sourceTree = "<group>"; };
		119AA3901E334B8A00EF8D3C /* LoginUser.swift */ = {isa = PBXFileReference; fileEncoding = 4; lastKnownFileType = sourcecode.swift; path = LoginUser.swift; sourceTree = "<group>"; };
		119AA3911E334B8A00EF8D3C /* LoginInUser.swift */ = {isa = PBXFileReference; fileEncoding = 4; lastKnownFileType = sourcecode.swift; path = LoginInUser.swift; sourceTree = "<group>"; };
		119AA3961E334BF500EF8D3C /* cl_project.swift */ = {isa = PBXFileReference; fileEncoding = 4; lastKnownFileType = sourcecode.swift; path = cl_project.swift; sourceTree = "<group>"; };
		119AA3981E334BF500EF8D3C /* Contract.xcdatamodel */ = {isa = PBXFileReference; lastKnownFileType = wrapper.xcdatamodel; path = Contract.xcdatamodel; sourceTree = "<group>"; };
		119AA39B1E33512C00EF8D3C /* selectionImageCell.swift */ = {isa = PBXFileReference; fileEncoding = 4; lastKnownFileType = sourcecode.swift; path = selectionImageCell.swift; sourceTree = "<group>"; };
		119AA39D1E3351AD00EF8D3C /* myUILabel.h */ = {isa = PBXFileReference; fileEncoding = 4; lastKnownFileType = sourcecode.c.h; path = myUILabel.h; sourceTree = "<group>"; };
		119AA39E1E3351AD00EF8D3C /* myUILabel.m */ = {isa = PBXFileReference; fileEncoding = 4; lastKnownFileType = sourcecode.c.objc; path = myUILabel.m; sourceTree = "<group>"; };
		22F18C19584528B1717CD718 /* Pods_Contract.framework */ = {isa = PBXFileReference; explicitFileType = wrapper.framework; includeInIndex = 0; path = Pods_Contract.framework; sourceTree = BUILT_PRODUCTS_DIR; };
		4243E25F1E5BDE3900A32213 /* cl_ObjIntroWalk2Photo.swift */ = {isa = PBXFileReference; fileEncoding = 4; lastKnownFileType = sourcecode.swift; path = cl_ObjIntroWalk2Photo.swift; sourceTree = "<group>"; };
		425AA2ED1E5A922B005995B4 /* SendOperationViewController.swift */ = {isa = PBXFileReference; fileEncoding = 4; lastKnownFileType = sourcecode.swift; path = SendOperationViewController.swift; sourceTree = "<group>"; };
		425AA2EF1E5AC022005995B4 /* AddressUITableViewCell.swift */ = {isa = PBXFileReference; fileEncoding = 4; lastKnownFileType = sourcecode.swift; path = AddressUITableViewCell.swift; sourceTree = "<group>"; };
		425D47991E5D1C7600C044FD /* cl_ObjIntroWalk2.swift */ = {isa = PBXFileReference; fileEncoding = 4; lastKnownFileType = sourcecode.swift; path = cl_ObjIntroWalk2.swift; sourceTree = "<group>"; };
		4282F0751E56901600576A9D /* IntroWalkListViewController.swift */ = {isa = PBXFileReference; fileEncoding = 4; lastKnownFileType = sourcecode.swift; path = IntroWalkListViewController.swift; sourceTree = "<group>"; };
		4282F0771E5694C200576A9D /* IntroWalkTableViewCell.swift */ = {isa = PBXFileReference; fileEncoding = 4; lastKnownFileType = sourcecode.swift; path = IntroWalkTableViewCell.swift; sourceTree = "<group>"; };
		4282F0791E56BDAF00576A9D /* ChecklistItem.swift */ = {isa = PBXFileReference; fileEncoding = 4; lastKnownFileType = sourcecode.swift; path = ChecklistItem.swift; sourceTree = "<group>"; };
		42CA8BE71E5D623C00C025F3 /* DrawSignView.h */ = {isa = PBXFileReference; fileEncoding = 4; lastKnownFileType = sourcecode.c.h; path = DrawSignView.h; sourceTree = "<group>"; };
		42CA8BE81E5D623C00C025F3 /* DrawSignView.m */ = {isa = PBXFileReference; fileEncoding = 4; lastKnownFileType = sourcecode.c.objc; path = DrawSignView.m; sourceTree = "<group>"; };
		42CA8BE91E5D623C00C025F3 /* MyView.h */ = {isa = PBXFileReference; fileEncoding = 4; lastKnownFileType = sourcecode.c.h; path = MyView.h; sourceTree = "<group>"; };
		42CA8BEA1E5D623C00C025F3 /* MyView.m */ = {isa = PBXFileReference; fileEncoding = 4; lastKnownFileType = sourcecode.c.objc; path = MyView.m; sourceTree = "<group>"; };
		42CA8BEB1E5D623C00C025F3 /* PopSignUtil.h */ = {isa = PBXFileReference; fileEncoding = 4; lastKnownFileType = sourcecode.c.h; path = PopSignUtil.h; sourceTree = "<group>"; };
		42CA8BEC1E5D623C00C025F3 /* PopSignUtil.m */ = {isa = PBXFileReference; fileEncoding = 4; lastKnownFileType = sourcecode.c.objc; path = PopSignUtil.m; sourceTree = "<group>"; };
		42CA8BEF1E5D623C00C025F3 /* SPUserResizableView.h */ = {isa = PBXFileReference; fileEncoding = 4; lastKnownFileType = sourcecode.c.h; path = SPUserResizableView.h; sourceTree = "<group>"; };
		42CA8BF01E5D623C00C025F3 /* SPUserResizableView.m */ = {isa = PBXFileReference; fileEncoding = 4; lastKnownFileType = sourcecode.c.objc; path = SPUserResizableView.m; sourceTree = "<group>"; };
		8FD0FE342786EA5417C6A9FD /* Pods-Contract.release.xcconfig */ = {isa = PBXFileReference; includeInIndex = 1; lastKnownFileType = text.xcconfig; name = "Pods-Contract.release.xcconfig"; path = "Pods/Target Support Files/Pods-Contract/Pods-Contract.release.xcconfig"; sourceTree = "<group>"; };
		AB0FE999F8EB22254D6D15D8 /* Pods.framework */ = {isa = PBXFileReference; explicitFileType = wrapper.framework; includeInIndex = 0; path = Pods.framework; sourceTree = BUILT_PRODUCTS_DIR; };
		E423097CA2371A0B4502711B /* Pods-Contract.debug.xcconfig */ = {isa = PBXFileReference; includeInIndex = 1; lastKnownFileType = text.xcconfig; name = "Pods-Contract.debug.xcconfig"; path = "Pods/Target Support Files/Pods-Contract/Pods-Contract.debug.xcconfig"; sourceTree = "<group>"; };
/* End PBXFileReference section */

/* Begin PBXFrameworksBuildPhase section */
		1108B1A61BFC2690004B5D48 /* Frameworks */ = {
			isa = PBXFrameworksBuildPhase;
			buildActionMask = 2147483647;
			files = (
				1106EE221E3634C2003598BF /* BSImagePicker.framework in Frameworks */,
				1108B2241BFC2A6D004B5D48 /* UIKit.framework in Frameworks */,
				1108B2221BFC2A66004B5D48 /* CoreGraphics.framework in Frameworks */,
				1108B2201BFC2A3B004B5D48 /* Foundation.framework in Frameworks */,
				640AC2494E0AC9F5E5CA743E /* Pods_Contract.framework in Frameworks */,
			);
			runOnlyForDeploymentPostprocessing = 0;
		};
/* End PBXFrameworksBuildPhase section */

/* Begin PBXGroup section */
		1107C0901C0C359B0041D8D7 /* Data */ = {
			isa = PBXGroup;
			children = (
				425D47991E5D1C7600C044FD /* cl_ObjIntroWalk2.swift */,
				119AA3961E334BF500EF8D3C /* cl_project.swift */,
				119AA3971E334BF500EF8D3C /* Contract.xcdatamodeld */,
				118D95A31E34D4F000D7E28C /* cl_introWalkLocal.swift */,
				115D6E7F1E3839E5002B6DA6 /* cl_introWalkPhotoLocal.swift */,
				4243E25F1E5BDE3900A32213 /* cl_ObjIntroWalk2Photo.swift */,
			);
			name = Data;
			path = Views/Data;
			sourceTree = "<group>";
		};
		1108B1A01BFC2690004B5D48 = {
			isa = PBXGroup;
			children = (
				1108B1AB1BFC2691004B5D48 /* Contract */,
				1108B1AA1BFC2690004B5D48 /* Products */,
				1EF557691D4D81ABA6AB3018 /* Frameworks */,
				6039CFF6B9841E7E909BD201 /* Pods */,
			);
			sourceTree = "<group>";
		};
		1108B1AA1BFC2690004B5D48 /* Products */ = {
			isa = PBXGroup;
			children = (
				1108B1A91BFC2690004B5D48 /* Contract.app */,
			);
			name = Products;
			sourceTree = "<group>";
		};
		1108B1AB1BFC2691004B5D48 /* Contract */ = {
			isa = PBXGroup;
			children = (
				42CA8BE61E5D623C00C025F3 /* Signature */,
				111E203E1C7C5F28004D43D8 /* UtilityClass */,
				1107C0901C0C359B0041D8D7 /* Data */,
				113CB5901BFEC87A0081FDE7 /* Model */,
				426A832F1E666772005A1A2C /* pages */,
				1108B2721BFC55A2004B5D48 /* Views */,
				1108B1B51BFC2691004B5D48 /* Main.storyboard */,
				1108B1BD1BFC2691004B5D48 /* LaunchScreen.storyboard */,
				11661D601CC7750A00C974A0 /* Assets.xcassets */,
				1108B1C01BFC2691004B5D48 /* Info.plist */,
				1108B1AC1BFC2691004B5D48 /* Supporting Files */,
				1114C79B1C812AE900924A21 /* AppDelegate.swift */,
			);
			path = Contract;
			sourceTree = "<group>";
		};
		1108B1AC1BFC2691004B5D48 /* Supporting Files */ = {
			isa = PBXGroup;
			children = (
				1108B2251BFC2B0B004B5D48 /* ILPDFKitSample-Prefix.pch */,
				1108B2231BFC2A6D004B5D48 /* UIKit.framework */,
				1108B2211BFC2A66004B5D48 /* CoreGraphics.framework */,
				1108B21F1BFC2A3B004B5D48 /* Foundation.framework */,
			);
			name = "Supporting Files";
			sourceTree = "<group>";
		};
		1108B2721BFC55A2004B5D48 /* Views */ = {
			isa = PBXGroup;
			children = (
				119AA39D1E3351AD00EF8D3C /* myUILabel.h */,
				119AA39E1E3351AD00EF8D3C /* myUILabel.m */,
				119AA39B1E33512C00EF8D3C /* selectionImageCell.swift */,
				119AA3801E334B5F00EF8D3C /* BaseViewController.swift */,
				119AA3811E334B5F00EF8D3C /* BigPictureViewController.swift */,
				119AA3821E334B5F00EF8D3C /* CConstants.swift */,
				119AA3831E334B5F00EF8D3C /* Contract-Bridging-Header.h */,
				119AA3851E334B5F00EF8D3C /* AddressListViewHeadView.swift */,
				4282F0771E5694C200576A9D /* IntroWalkTableViewCell.swift */,
				425AA2EF1E5AC022005995B4 /* AddressUITableViewCell.swift */,
			);
			path = Views;
			sourceTree = "<group>";
		};
		111E203E1C7C5F28004D43D8 /* UtilityClass */ = {
			isa = PBXGroup;
			children = (
				117CA2EB1E359E4E00166AFB /* util.swift */,
			);
			path = UtilityClass;
			sourceTree = "<group>";
		};
		113CB5901BFEC87A0081FDE7 /* Model */ = {
			isa = PBXGroup;
			children = (
				119AA38E1E334B8A00EF8D3C /* projectItem.swift */,
				119AA38F1E334B8A00EF8D3C /* BaseObject.swift */,
				119AA3901E334B8A00EF8D3C /* LoginUser.swift */,
				119AA3911E334B8A00EF8D3C /* LoginInUser.swift */,
				115C73091E39DFF4003F243F /* checklistItemL.swift */,
				4282F0791E56BDAF00576A9D /* ChecklistItem.swift */,
			);
			name = Model;
			path = Views/Model;
			sourceTree = "<group>";
		};
		1EF557691D4D81ABA6AB3018 /* Frameworks */ = {
			isa = PBXGroup;
			children = (
				1106EE211E3634C2003598BF /* BSImagePicker.framework */,
				1158E57A1CB34FD0004C2A47 /* Alamofire.framework */,
				AB0FE999F8EB22254D6D15D8 /* Pods.framework */,
				22F18C19584528B1717CD718 /* Pods_Contract.framework */,
			);
			name = Frameworks;
			sourceTree = "<group>";
		};
		426A832F1E666772005A1A2C /* pages */ = {
			isa = PBXGroup;
			children = (
				119AA3841E334B5F00EF8D3C /* LoginViewController.swift */,
				425AA2ED1E5A922B005995B4 /* SendOperationViewController.swift */,
				119AA37F1E334B5F00EF8D3C /* AddressListViewController.swift */,
				119AA37D1E334B5F00EF8D3C /* IntroWalkItemViewController.swift */,
				4282F0751E56901600576A9D /* IntroWalkListViewController.swift */,
			);
			name = pages;
			path = Views;
			sourceTree = "<group>";
		};
		42CA8BE61E5D623C00C025F3 /* Signature */ = {
			isa = PBXGroup;
			children = (
				42CA8BE71E5D623C00C025F3 /* DrawSignView.h */,
				42CA8BE81E5D623C00C025F3 /* DrawSignView.m */,
				42CA8BE91E5D623C00C025F3 /* MyView.h */,
				42CA8BEA1E5D623C00C025F3 /* MyView.m */,
				42CA8BEB1E5D623C00C025F3 /* PopSignUtil.h */,
				42CA8BEC1E5D623C00C025F3 /* PopSignUtil.m */,
				42CA8BEF1E5D623C00C025F3 /* SPUserResizableView.h */,
				42CA8BF01E5D623C00C025F3 /* SPUserResizableView.m */,
			);
			path = Signature;
			sourceTree = "<group>";
		};
		6039CFF6B9841E7E909BD201 /* Pods */ = {
			isa = PBXGroup;
			children = (
				E423097CA2371A0B4502711B /* Pods-Contract.debug.xcconfig */,
				8FD0FE342786EA5417C6A9FD /* Pods-Contract.release.xcconfig */,
			);
			name = Pods;
			sourceTree = "<group>";
		};
/* End PBXGroup section */

/* Begin PBXNativeTarget section */
		1108B1A81BFC2690004B5D48 /* Contract */ = {
			isa = PBXNativeTarget;
			buildConfigurationList = 1108B1C31BFC2691004B5D48 /* Build configuration list for PBXNativeTarget "Contract" */;
			buildPhases = (
				E13C99A7898A777581128094 /* [CP] Check Pods Manifest.lock */,
				1108B1A51BFC2690004B5D48 /* Sources */,
				1108B1A61BFC2690004B5D48 /* Frameworks */,
				1108B1A71BFC2690004B5D48 /* Resources */,
				113CB5DB1BFEE4990081FDE7 /* Embed Frameworks */,
				7FCF7F64E137686B930EE05B /* [CP] Embed Pods Frameworks */,
				957C77327E1C8714CB724CA2 /* [CP] Copy Pods Resources */,
			);
			buildRules = (
			);
			dependencies = (
			);
			name = Contract;
			productName = Contract;
			productReference = 1108B1A91BFC2690004B5D48 /* Contract.app */;
			productType = "com.apple.product-type.application";
		};
/* End PBXNativeTarget section */

/* Begin PBXProject section */
		1108B1A11BFC2690004B5D48 /* Project object */ = {
			isa = PBXProject;
			attributes = {
				LastUpgradeCheck = 0820;
				ORGANIZATIONNAME = HapApp;
				TargetAttributes = {
					1108B1A81BFC2690004B5D48 = {
						CreatedOnToolsVersion = 7.1.1;
						DevelopmentTeam = 7D8CVP7EK4;
						LastSwiftMigration = 0820;
					};
				};
			};
			buildConfigurationList = 1108B1A41BFC2690004B5D48 /* Build configuration list for PBXProject "Contract" */;
			compatibilityVersion = "Xcode 3.2";
			developmentRegion = English;
			hasScannedForEncodings = 0;
			knownRegions = (
				en,
				Base,
			);
			mainGroup = 1108B1A01BFC2690004B5D48;
			productRefGroup = 1108B1AA1BFC2690004B5D48 /* Products */;
			projectDirPath = "";
			projectRoot = "";
			targets = (
				1108B1A81BFC2690004B5D48 /* Contract */,
			);
		};
/* End PBXProject section */

/* Begin PBXResourcesBuildPhase section */
		1108B1A71BFC2690004B5D48 /* Resources */ = {
			isa = PBXResourcesBuildPhase;
			buildActionMask = 2147483647;
			files = (
				1108B1BF1BFC2691004B5D48 /* LaunchScreen.storyboard in Resources */,
				1108B1B71BFC2691004B5D48 /* Main.storyboard in Resources */,
				11661D611CC7750A00C974A0 /* Assets.xcassets in Resources */,
			);
			runOnlyForDeploymentPostprocessing = 0;
		};
/* End PBXResourcesBuildPhase section */

/* Begin PBXShellScriptBuildPhase section */
		7FCF7F64E137686B930EE05B /* [CP] Embed Pods Frameworks */ = {
			isa = PBXShellScriptBuildPhase;
			buildActionMask = 2147483647;
			files = (
			);
			inputPaths = (
			);
			name = "[CP] Embed Pods Frameworks";
			outputPaths = (
			);
			runOnlyForDeploymentPostprocessing = 0;
			shellPath = /bin/sh;
			shellScript = "\"${SRCROOT}/Pods/Target Support Files/Pods-Contract/Pods-Contract-frameworks.sh\"\n";
			showEnvVarsInLog = 0;
		};
		957C77327E1C8714CB724CA2 /* [CP] Copy Pods Resources */ = {
			isa = PBXShellScriptBuildPhase;
			buildActionMask = 2147483647;
			files = (
			);
			inputPaths = (
			);
			name = "[CP] Copy Pods Resources";
			outputPaths = (
			);
			runOnlyForDeploymentPostprocessing = 0;
			shellPath = /bin/sh;
			shellScript = "\"${SRCROOT}/Pods/Target Support Files/Pods-Contract/Pods-Contract-resources.sh\"\n";
			showEnvVarsInLog = 0;
		};
		E13C99A7898A777581128094 /* [CP] Check Pods Manifest.lock */ = {
			isa = PBXShellScriptBuildPhase;
			buildActionMask = 2147483647;
			files = (
			);
			inputPaths = (
			);
			name = "[CP] Check Pods Manifest.lock";
			outputPaths = (
			);
			runOnlyForDeploymentPostprocessing = 0;
			shellPath = /bin/sh;
			shellScript = "diff \"${PODS_ROOT}/../Podfile.lock\" \"${PODS_ROOT}/Manifest.lock\" > /dev/null\nif [ $? != 0 ] ; then\n    # print error to STDERR\n    echo \"error: The sandbox is not in sync with the Podfile.lock. Run 'pod install' or update your CocoaPods installation.\" >&2\n    exit 1\nfi\n";
			showEnvVarsInLog = 0;
		};
/* End PBXShellScriptBuildPhase section */

/* Begin PBXSourcesBuildPhase section */
		1108B1A51BFC2690004B5D48 /* Sources */ = {
			isa = PBXSourcesBuildPhase;
			buildActionMask = 2147483647;
			files = (
				119AA39C1E33512C00EF8D3C /* selectionImageCell.swift in Sources */,
				118D95A41E34D4F000D7E28C /* cl_introWalkLocal.swift in Sources */,
				42CA8BF51E5D623C00C025F3 /* SPUserResizableView.m in Sources */,
				119AA3941E334B8A00EF8D3C /* LoginUser.swift in Sources */,
				115C730A1E39DFF4003F243F /* checklistItemL.swift in Sources */,
				119AA38A1E334B5F00EF8D3C /* BigPictureViewController.swift in Sources */,
				115D6E801E3839E5002B6DA6 /* cl_introWalkPhotoLocal.swift in Sources */,
				119AA38D1E334B5F00EF8D3C /* AddressListViewHeadView.swift in Sources */,
				119AA3951E334B8A00EF8D3C /* LoginInUser.swift in Sources */,
				119AA3991E334BF500EF8D3C /* cl_project.swift in Sources */,
				119AA3881E334B5F00EF8D3C /* AddressListViewController.swift in Sources */,
				119AA38B1E334B5F00EF8D3C /* CConstants.swift in Sources */,
				425D479A1E5D1C7600C044FD /* cl_ObjIntroWalk2.swift in Sources */,
				425AA2F01E5AC022005995B4 /* AddressUITableViewCell.swift in Sources */,
				42CA8BF21E5D623C00C025F3 /* MyView.m in Sources */,
				4282F0761E56901600576A9D /* IntroWalkListViewController.swift in Sources */,
				119AA3921E334B8A00EF8D3C /* projectItem.swift in Sources */,
				119AA38C1E334B5F00EF8D3C /* LoginViewController.swift in Sources */,
				42CA8BF31E5D623C00C025F3 /* PopSignUtil.m in Sources */,
				1114C79C1C812AE900924A21 /* AppDelegate.swift in Sources */,
				4243E2601E5BDE3900A32213 /* cl_ObjIntroWalk2Photo.swift in Sources */,
				4282F0781E5694C200576A9D /* IntroWalkTableViewCell.swift in Sources */,
				425AA2EE1E5A922B005995B4 /* SendOperationViewController.swift in Sources */,
				4282F07A1E56BDAF00576A9D /* ChecklistItem.swift in Sources */,
				119AA39F1E3351AD00EF8D3C /* myUILabel.m in Sources */,
				119AA3861E334B5F00EF8D3C /* IntroWalkItemViewController.swift in Sources */,
				117CA2EC1E359E4E00166AFB /* util.swift in Sources */,
				42CA8BF11E5D623C00C025F3 /* DrawSignView.m in Sources */,
				119AA3931E334B8A00EF8D3C /* BaseObject.swift in Sources */,
				119AA3891E334B5F00EF8D3C /* BaseViewController.swift in Sources */,
				119AA39A1E334BF500EF8D3C /* Contract.xcdatamodeld in Sources */,
			);
			runOnlyForDeploymentPostprocessing = 0;
		};
/* End PBXSourcesBuildPhase section */

/* Begin PBXVariantGroup section */
		1108B1B51BFC2691004B5D48 /* Main.storyboard */ = {
			isa = PBXVariantGroup;
			children = (
				1108B1B61BFC2691004B5D48 /* Base */,
			);
			name = Main.storyboard;
			sourceTree = "<group>";
		};
		1108B1BD1BFC2691004B5D48 /* LaunchScreen.storyboard */ = {
			isa = PBXVariantGroup;
			children = (
				1108B1BE1BFC2691004B5D48 /* Base */,
			);
			name = LaunchScreen.storyboard;
			sourceTree = "<group>";
		};
/* End PBXVariantGroup section */

/* Begin XCBuildConfiguration section */
		1108B1C11BFC2691004B5D48 /* Debug */ = {
			isa = XCBuildConfiguration;
			buildSettings = {
				ALWAYS_SEARCH_USER_PATHS = NO;
				CLANG_CXX_LANGUAGE_STANDARD = "gnu++0x";
				CLANG_CXX_LIBRARY = "libc++";
				CLANG_ENABLE_MODULES = YES;
				CLANG_ENABLE_OBJC_ARC = YES;
				CLANG_WARN_BOOL_CONVERSION = YES;
				CLANG_WARN_CONSTANT_CONVERSION = YES;
				CLANG_WARN_DIRECT_OBJC_ISA_USAGE = YES_ERROR;
				CLANG_WARN_EMPTY_BODY = YES;
				CLANG_WARN_ENUM_CONVERSION = YES;
				CLANG_WARN_INFINITE_RECURSION = YES;
				CLANG_WARN_INT_CONVERSION = YES;
				CLANG_WARN_OBJC_ROOT_CLASS = YES_ERROR;
				CLANG_WARN_SUSPICIOUS_MOVE = YES;
				CLANG_WARN_UNREACHABLE_CODE = YES;
				CLANG_WARN__DUPLICATE_METHOD_MATCH = YES;
				"CODE_SIGN_IDENTITY[sdk=iphoneos*]" = "iPhone Developer";
				COPY_PHASE_STRIP = NO;
				DEBUG_INFORMATION_FORMAT = dwarf;
				ENABLE_STRICT_OBJC_MSGSEND = YES;
				ENABLE_TESTABILITY = YES;
				GCC_C_LANGUAGE_STANDARD = gnu99;
				GCC_DYNAMIC_NO_PIC = NO;
				GCC_NO_COMMON_BLOCKS = YES;
				GCC_OPTIMIZATION_LEVEL = 0;
				GCC_PREPROCESSOR_DEFINITIONS = (
					"DEBUG=1",
					"$(inherited)",
				);
				GCC_WARN_64_TO_32_BIT_CONVERSION = YES;
				GCC_WARN_ABOUT_RETURN_TYPE = YES_ERROR;
				GCC_WARN_UNDECLARED_SELECTOR = YES;
				GCC_WARN_UNINITIALIZED_AUTOS = YES_AGGRESSIVE;
				GCC_WARN_UNUSED_FUNCTION = YES;
				GCC_WARN_UNUSED_VARIABLE = YES;
				IPHONEOS_DEPLOYMENT_TARGET = 8.0;
				MTL_ENABLE_DEBUG_INFO = YES;
				ONLY_ACTIVE_ARCH = YES;
				SDKROOT = iphoneos;
				TARGETED_DEVICE_FAMILY = 2;
			};
			name = Debug;
		};
		1108B1C21BFC2691004B5D48 /* Release */ = {
			isa = XCBuildConfiguration;
			buildSettings = {
				ALWAYS_SEARCH_USER_PATHS = NO;
				CLANG_CXX_LANGUAGE_STANDARD = "gnu++0x";
				CLANG_CXX_LIBRARY = "libc++";
				CLANG_ENABLE_MODULES = YES;
				CLANG_ENABLE_OBJC_ARC = YES;
				CLANG_WARN_BOOL_CONVERSION = YES;
				CLANG_WARN_CONSTANT_CONVERSION = YES;
				CLANG_WARN_DIRECT_OBJC_ISA_USAGE = YES_ERROR;
				CLANG_WARN_EMPTY_BODY = YES;
				CLANG_WARN_ENUM_CONVERSION = YES;
				CLANG_WARN_INFINITE_RECURSION = YES;
				CLANG_WARN_INT_CONVERSION = YES;
				CLANG_WARN_OBJC_ROOT_CLASS = YES_ERROR;
				CLANG_WARN_SUSPICIOUS_MOVE = YES;
				CLANG_WARN_UNREACHABLE_CODE = YES;
				CLANG_WARN__DUPLICATE_METHOD_MATCH = YES;
				"CODE_SIGN_IDENTITY[sdk=iphoneos*]" = "iPhone Developer";
				COPY_PHASE_STRIP = NO;
				DEBUG_INFORMATION_FORMAT = "dwarf-with-dsym";
				ENABLE_NS_ASSERTIONS = NO;
				ENABLE_STRICT_OBJC_MSGSEND = YES;
				GCC_C_LANGUAGE_STANDARD = gnu99;
				GCC_NO_COMMON_BLOCKS = YES;
				GCC_WARN_64_TO_32_BIT_CONVERSION = YES;
				GCC_WARN_ABOUT_RETURN_TYPE = YES_ERROR;
				GCC_WARN_UNDECLARED_SELECTOR = YES;
				GCC_WARN_UNINITIALIZED_AUTOS = YES_AGGRESSIVE;
				GCC_WARN_UNUSED_FUNCTION = YES;
				GCC_WARN_UNUSED_VARIABLE = YES;
				IPHONEOS_DEPLOYMENT_TARGET = 8.0;
				MTL_ENABLE_DEBUG_INFO = NO;
				SDKROOT = iphoneos;
				SWIFT_OPTIMIZATION_LEVEL = "-Owholemodule";
				TARGETED_DEVICE_FAMILY = 2;
				VALIDATE_PRODUCT = YES;
			};
			name = Release;
		};
		1108B1C41BFC2691004B5D48 /* Debug */ = {
			isa = XCBuildConfiguration;
			baseConfigurationReference = E423097CA2371A0B4502711B /* Pods-Contract.debug.xcconfig */;
			buildSettings = {
				ALWAYS_EMBED_SWIFT_STANDARD_LIBRARIES = YES;
				ASSETCATALOG_COMPILER_APPICON_NAME = AppIcon;
				CLANG_ENABLE_MODULES = YES;
				CODE_SIGN_IDENTITY = "iPhone Distribution: EloveIT, Ltd.";
				DEFINES_MODULE = YES;
				DEVELOPMENT_TEAM = 7D8CVP7EK4;
				GCC_PRECOMPILE_PREFIX_HEADER = YES;
				GCC_PREFIX_HEADER = "Contract/ILPDFKitSample-Prefix.pch";
				INFOPLIST_FILE = Contract/Info.plist;
				IPHONEOS_DEPLOYMENT_TARGET = 9.0;
				LD_QUOTE_LINKER_ARGUMENTS_FOR_COMPILER_DRIVER = YES;
				LD_RUNPATH_SEARCH_PATHS = "$(inherited) @executable_path/Frameworks";
				OTHER_LDFLAGS = "$(inherited)";
				PRODUCT_BUNDLE_IDENTIFIER = com.ba.checklist;
				PRODUCT_NAME = "$(TARGET_NAME)";
				PROVISIONING_PROFILE = "b2239817-2abf-4fab-a2a2-3764f9027169";
				PROVISIONING_PROFILE_SPECIFIER = BAForTestNew;
				SWIFT_OBJC_BRIDGING_HEADER = "Contract/Views/Contract-Bridging-Header.h";
				SWIFT_OPTIMIZATION_LEVEL = "-Onone";
				SWIFT_VERSION = 3.0;
				TARGETED_DEVICE_FAMILY = "1,2";
			};
			name = Debug;
		};
		1108B1C51BFC2691004B5D48 /* Release */ = {
			isa = XCBuildConfiguration;
			baseConfigurationReference = 8FD0FE342786EA5417C6A9FD /* Pods-Contract.release.xcconfig */;
			buildSettings = {
				ALWAYS_EMBED_SWIFT_STANDARD_LIBRARIES = YES;
				ASSETCATALOG_COMPILER_APPICON_NAME = AppIcon;
				CLANG_ENABLE_MODULES = YES;
				CODE_SIGN_IDENTITY = "iPhone Distribution: EloveIT, Ltd.";
				DEFINES_MODULE = YES;
				DEVELOPMENT_TEAM = 7D8CVP7EK4;
				GCC_PRECOMPILE_PREFIX_HEADER = YES;
				GCC_PREFIX_HEADER = "Contract/ILPDFKitSample-Prefix.pch";
				INFOPLIST_FILE = Contract/Info.plist;
				IPHONEOS_DEPLOYMENT_TARGET = 9.0;
				LD_QUOTE_LINKER_ARGUMENTS_FOR_COMPILER_DRIVER = YES;
				LD_RUNPATH_SEARCH_PATHS = "$(inherited) @executable_path/Frameworks";
				OTHER_LDFLAGS = "$(inherited)";
				PRODUCT_BUNDLE_IDENTIFIER = com.ba.checklist;
				PRODUCT_NAME = "$(TARGET_NAME)";
				PROVISIONING_PROFILE = "b2239817-2abf-4fab-a2a2-3764f9027169";
				PROVISIONING_PROFILE_SPECIFIER = BAForTestNew;
				SWIFT_OBJC_BRIDGING_HEADER = "Contract/Views/Contract-Bridging-Header.h";
				SWIFT_VERSION = 3.0;
				TARGETED_DEVICE_FAMILY = "1,2";
			};
			name = Release;
		};
/* End XCBuildConfiguration section */

/* Begin XCConfigurationList section */
		1108B1A41BFC2690004B5D48 /* Build configuration list for PBXProject "Contract" */ = {
			isa = XCConfigurationList;
			buildConfigurations = (
				1108B1C11BFC2691004B5D48 /* Debug */,
				1108B1C21BFC2691004B5D48 /* Release */,
			);
			defaultConfigurationIsVisible = 0;
			defaultConfigurationName = Release;
		};
		1108B1C31BFC2691004B5D48 /* Build configuration list for PBXNativeTarget "Contract" */ = {
			isa = XCConfigurationList;
			buildConfigurations = (
				1108B1C41BFC2691004B5D48 /* Debug */,
				1108B1C51BFC2691004B5D48 /* Release */,
			);
			defaultConfigurationIsVisible = 0;
			defaultConfigurationName = Release;
		};
/* End XCConfigurationList section */

/* Begin XCVersionGroup section */
		119AA3971E334BF500EF8D3C /* Contract.xcdatamodeld */ = {
			isa = XCVersionGroup;
			children = (
				119AA3981E334BF500EF8D3C /* Contract.xcdatamodel */,
			);
			currentVersion = 119AA3981E334BF500EF8D3C /* Contract.xcdatamodel */;
			path = Contract.xcdatamodeld;
			sourceTree = "<group>";
			versionGroupType = wrapper.xcdatamodel;
		};
/* End XCVersionGroup section */
	};
	rootObject = 1108B1A11BFC2690004B5D48 /* Project object */;
}
